// !$*UTF8*$!
{
	archiveVersion = 1;
	classes = {
	};
	objectVersion = 56;
	objects = {

/* Begin PBXBuildFile section */
		C17008402B9DE99A00008BE7 /* MenuTableViewCell.swift in Sources */ = {isa = PBXBuildFile; fileRef = C170083F2B9DE99A00008BE7 /* MenuTableViewCell.swift */; };
		C17008422B9DEA2D00008BE7 /* MenuCollectionViewCell.swift in Sources */ = {isa = PBXBuildFile; fileRef = C17008412B9DEA2D00008BE7 /* MenuCollectionViewCell.swift */; };
		C17008442B9DFF6A00008BE7 /* DiaryCollectionViewCell.swift in Sources */ = {isa = PBXBuildFile; fileRef = C17008432B9DFF6A00008BE7 /* DiaryCollectionViewCell.swift */; };
		C18567B42B998DFD00864754 /* AppDelegate.swift in Sources */ = {isa = PBXBuildFile; fileRef = C18567B32B998DFD00864754 /* AppDelegate.swift */; };
		C18567B62B998DFD00864754 /* SceneDelegate.swift in Sources */ = {isa = PBXBuildFile; fileRef = C18567B52B998DFD00864754 /* SceneDelegate.swift */; };
		C18567B82B998DFD00864754 /* ViewController.swift in Sources */ = {isa = PBXBuildFile; fileRef = C18567B72B998DFD00864754 /* ViewController.swift */; };
		C18567BB2B998DFD00864754 /* Main.storyboard in Resources */ = {isa = PBXBuildFile; fileRef = C18567B92B998DFD00864754 /* Main.storyboard */; };
		C18567BD2B998DFF00864754 /* Assets.xcassets in Resources */ = {isa = PBXBuildFile; fileRef = C18567BC2B998DFF00864754 /* Assets.xcassets */; };
		C18567C02B998DFF00864754 /* LaunchScreen.storyboard in Resources */ = {isa = PBXBuildFile; fileRef = C18567BE2B998DFF00864754 /* LaunchScreen.storyboard */; };
		C18567C82B998E1F00864754 /* .gitignore in Resources */ = {isa = PBXBuildFile; fileRef = C18567C72B998E1F00864754 /* .gitignore */; };
		C1F35CD12B99A62100B32B4E /* SettingViewController.swift in Sources */ = {isa = PBXBuildFile; fileRef = C1F35CD02B99A62100B32B4E /* SettingViewController.swift */; };
		C1F35CD32B99A63300B32B4E /* ChartViewController.swift in Sources */ = {isa = PBXBuildFile; fileRef = C1F35CD22B99A63300B32B4E /* ChartViewController.swift */; };
		C1F35CD52B99A63900B32B4E /* DiaryViewController.swift in Sources */ = {isa = PBXBuildFile; fileRef = C1F35CD42B99A63900B32B4E /* DiaryViewController.swift */; };
		C1F35CD72B99A64000B32B4E /* MainViewController.swift in Sources */ = {isa = PBXBuildFile; fileRef = C1F35CD62B99A64000B32B4E /* MainViewController.swift */; };
		C1F35CD92B99A6D100B32B4E /* BaseViewController.swift in Sources */ = {isa = PBXBuildFile; fileRef = C1F35CD82B99A6D100B32B4E /* BaseViewController.swift */; };
		C1F35CDC2B99B59800B32B4E /* NumberButton.swift in Sources */ = {isa = PBXBuildFile; fileRef = C1F35CDB2B99B59800B32B4E /* NumberButton.swift */; };
		C1F35CDF2B99B6FE00B32B4E /* SnapKit in Frameworks */ = {isa = PBXBuildFile; productRef = C1F35CDE2B99B6FE00B32B4E /* SnapKit */; };
		C1F35CE22B99B70800B32B4E /* Alamofire in Frameworks */ = {isa = PBXBuildFile; productRef = C1F35CE12B99B70800B32B4E /* Alamofire */; };
		C1F35CE52B99B73000B32B4E /* Realm in Frameworks */ = {isa = PBXBuildFile; productRef = C1F35CE42B99B73000B32B4E /* Realm */; };
		C1F35CE72B99B73000B32B4E /* RealmSwift in Frameworks */ = {isa = PBXBuildFile; productRef = C1F35CE62B99B73000B32B4E /* RealmSwift */; };
		C1F35CE92B99B86000B32B4E /* MyLottoTableViewCell.swift in Sources */ = {isa = PBXBuildFile; fileRef = C1F35CE82B99B86000B32B4E /* MyLottoTableViewCell.swift */; };
		C1F35CEB2B99BBC200B32B4E /* FormatterManager.swift in Sources */ = {isa = PBXBuildFile; fileRef = C1F35CEA2B99BBC200B32B4E /* FormatterManager.swift */; };
		C1F35CED2B99EF3F00B32B4E /* APIManager.swift in Sources */ = {isa = PBXBuildFile; fileRef = C1F35CEC2B99EF3F00B32B4E /* APIManager.swift */; };
		C1F35CEF2B99F0C500B32B4E /* Lotto.swift in Sources */ = {isa = PBXBuildFile; fileRef = C1F35CEE2B99F0C500B32B4E /* Lotto.swift */; };
		C1F35CF12B99FA1700B32B4E /* MainViewModel.swift in Sources */ = {isa = PBXBuildFile; fileRef = C1F35CF02B99FA1700B32B4E /* MainViewModel.swift */; };
		C1F35CF32B99FB2100B32B4E /* Observable.swift in Sources */ = {isa = PBXBuildFile; fileRef = C1F35CF22B99FB2100B32B4E /* Observable.swift */; };
/* End PBXBuildFile section */

/* Begin PBXFileReference section */
		C170083F2B9DE99A00008BE7 /* MenuTableViewCell.swift */ = {isa = PBXFileReference; lastKnownFileType = sourcecode.swift; path = MenuTableViewCell.swift; sourceTree = "<group>"; };
		C17008412B9DEA2D00008BE7 /* MenuCollectionViewCell.swift */ = {isa = PBXFileReference; lastKnownFileType = sourcecode.swift; path = MenuCollectionViewCell.swift; sourceTree = "<group>"; };
		C17008432B9DFF6A00008BE7 /* DiaryCollectionViewCell.swift */ = {isa = PBXFileReference; lastKnownFileType = sourcecode.swift; path = DiaryCollectionViewCell.swift; sourceTree = "<group>"; };
		C18567B02B998DFD00864754 /* LottoDiary.app */ = {isa = PBXFileReference; explicitFileType = wrapper.application; includeInIndex = 0; path = LottoDiary.app; sourceTree = BUILT_PRODUCTS_DIR; };
		C18567B32B998DFD00864754 /* AppDelegate.swift */ = {isa = PBXFileReference; lastKnownFileType = sourcecode.swift; path = AppDelegate.swift; sourceTree = "<group>"; };
		C18567B52B998DFD00864754 /* SceneDelegate.swift */ = {isa = PBXFileReference; lastKnownFileType = sourcecode.swift; path = SceneDelegate.swift; sourceTree = "<group>"; };
		C18567B72B998DFD00864754 /* ViewController.swift */ = {isa = PBXFileReference; lastKnownFileType = sourcecode.swift; path = ViewController.swift; sourceTree = "<group>"; };
		C18567BA2B998DFD00864754 /* Base */ = {isa = PBXFileReference; lastKnownFileType = file.storyboard; name = Base; path = Base.lproj/Main.storyboard; sourceTree = "<group>"; };
		C18567BC2B998DFF00864754 /* Assets.xcassets */ = {isa = PBXFileReference; lastKnownFileType = folder.assetcatalog; path = Assets.xcassets; sourceTree = "<group>"; };
		C18567BF2B998DFF00864754 /* Base */ = {isa = PBXFileReference; lastKnownFileType = file.storyboard; name = Base; path = Base.lproj/LaunchScreen.storyboard; sourceTree = "<group>"; };
		C18567C12B998DFF00864754 /* Info.plist */ = {isa = PBXFileReference; lastKnownFileType = text.plist.xml; path = Info.plist; sourceTree = "<group>"; };
		C18567C72B998E1F00864754 /* .gitignore */ = {isa = PBXFileReference; lastKnownFileType = text; path = .gitignore; sourceTree = "<group>"; };
		C1F35CD02B99A62100B32B4E /* SettingViewController.swift */ = {isa = PBXFileReference; lastKnownFileType = sourcecode.swift; path = SettingViewController.swift; sourceTree = "<group>"; };
		C1F35CD22B99A63300B32B4E /* ChartViewController.swift */ = {isa = PBXFileReference; lastKnownFileType = sourcecode.swift; path = ChartViewController.swift; sourceTree = "<group>"; };
		C1F35CD42B99A63900B32B4E /* DiaryViewController.swift */ = {isa = PBXFileReference; lastKnownFileType = sourcecode.swift; path = DiaryViewController.swift; sourceTree = "<group>"; };
		C1F35CD62B99A64000B32B4E /* MainViewController.swift */ = {isa = PBXFileReference; lastKnownFileType = sourcecode.swift; path = MainViewController.swift; sourceTree = "<group>"; };
		C1F35CD82B99A6D100B32B4E /* BaseViewController.swift */ = {isa = PBXFileReference; lastKnownFileType = sourcecode.swift; path = BaseViewController.swift; sourceTree = "<group>"; };
		C1F35CDB2B99B59800B32B4E /* NumberButton.swift */ = {isa = PBXFileReference; lastKnownFileType = sourcecode.swift; path = NumberButton.swift; sourceTree = "<group>"; };
		C1F35CE82B99B86000B32B4E /* MyLottoTableViewCell.swift */ = {isa = PBXFileReference; lastKnownFileType = sourcecode.swift; path = MyLottoTableViewCell.swift; sourceTree = "<group>"; };
		C1F35CEA2B99BBC200B32B4E /* FormatterManager.swift */ = {isa = PBXFileReference; lastKnownFileType = sourcecode.swift; path = FormatterManager.swift; sourceTree = "<group>"; };
		C1F35CEC2B99EF3F00B32B4E /* APIManager.swift */ = {isa = PBXFileReference; lastKnownFileType = sourcecode.swift; path = APIManager.swift; sourceTree = "<group>"; };
		C1F35CEE2B99F0C500B32B4E /* Lotto.swift */ = {isa = PBXFileReference; lastKnownFileType = sourcecode.swift; path = Lotto.swift; sourceTree = "<group>"; };
		C1F35CF02B99FA1700B32B4E /* MainViewModel.swift */ = {isa = PBXFileReference; lastKnownFileType = sourcecode.swift; path = MainViewModel.swift; sourceTree = "<group>"; };
		C1F35CF22B99FB2100B32B4E /* Observable.swift */ = {isa = PBXFileReference; lastKnownFileType = sourcecode.swift; path = Observable.swift; sourceTree = "<group>"; };
/* End PBXFileReference section */

/* Begin PBXFrameworksBuildPhase section */
		C18567AD2B998DFD00864754 /* Frameworks */ = {
			isa = PBXFrameworksBuildPhase;
			buildActionMask = 2147483647;
			files = (
				C1F35CE72B99B73000B32B4E /* RealmSwift in Frameworks */,
				C1F35CE52B99B73000B32B4E /* Realm in Frameworks */,
				C1F35CDF2B99B6FE00B32B4E /* SnapKit in Frameworks */,
				C1F35CE22B99B70800B32B4E /* Alamofire in Frameworks */,
			);
			runOnlyForDeploymentPostprocessing = 0;
		};
/* End PBXFrameworksBuildPhase section */

/* Begin PBXGroup section */
		C18567A72B998DFD00864754 = {
			isa = PBXGroup;
			children = (
				C18567B22B998DFD00864754 /* LottoDiary */,
				C18567B12B998DFD00864754 /* Products */,
			);
			sourceTree = "<group>";
		};
		C18567B12B998DFD00864754 /* Products */ = {
			isa = PBXGroup;
			children = (
				C18567B02B998DFD00864754 /* LottoDiary.app */,
			);
			name = Products;
			sourceTree = "<group>";
		};
		C18567B22B998DFD00864754 /* LottoDiary */ = {
			isa = PBXGroup;
			children = (
				C18567CC2B999F6200864754 /* Manager */,
				C18567CB2B999F5C00864754 /* ViewModel */,
				C18567CA2B999F5900864754 /* Model */,
				C18567C92B999F5200864754 /* View */,
				C18567B32B998DFD00864754 /* AppDelegate.swift */,
				C18567B52B998DFD00864754 /* SceneDelegate.swift */,
				C18567B72B998DFD00864754 /* ViewController.swift */,
				C18567B92B998DFD00864754 /* Main.storyboard */,
				C18567BC2B998DFF00864754 /* Assets.xcassets */,
				C18567BE2B998DFF00864754 /* LaunchScreen.storyboard */,
				C18567C12B998DFF00864754 /* Info.plist */,
				C18567C72B998E1F00864754 /* .gitignore */,
			);
			path = LottoDiary;
			sourceTree = "<group>";
		};
		C18567C92B999F5200864754 /* View */ = {
			isa = PBXGroup;
			children = (
				C1F35CDA2B99A9BD00B32B4E /* Component */,
				C1F35CCF2B99A61400B32B4E /* Setting */,
				C1F35CCE2B99A60E00B32B4E /* Chart */,
				C1F35CCD2B99A60700B32B4E /* Diary */,
				C18567CE2B999F7500864754 /* Main */,
				C18567CD2B999F7000864754 /* Base */,
			);
			path = View;
			sourceTree = "<group>";
		};
		C18567CA2B999F5900864754 /* Model */ = {
			isa = PBXGroup;
			children = (
				C1F35CEE2B99F0C500B32B4E /* Lotto.swift */,
			);
			path = Model;
			sourceTree = "<group>";
		};
		C18567CB2B999F5C00864754 /* ViewModel */ = {
			isa = PBXGroup;
			children = (
				C1F35CF02B99FA1700B32B4E /* MainViewModel.swift */,
				C1F35CF22B99FB2100B32B4E /* Observable.swift */,
			);
			path = ViewModel;
			sourceTree = "<group>";
		};
		C18567CC2B999F6200864754 /* Manager */ = {
			isa = PBXGroup;
			children = (
				C1F35CEA2B99BBC200B32B4E /* FormatterManager.swift */,
				C1F35CEC2B99EF3F00B32B4E /* APIManager.swift */,
			);
			path = Manager;
			sourceTree = "<group>";
		};
		C18567CD2B999F7000864754 /* Base */ = {
			isa = PBXGroup;
			children = (
				C1F35CD82B99A6D100B32B4E /* BaseViewController.swift */,
			);
			path = Base;
			sourceTree = "<group>";
		};
		C18567CE2B999F7500864754 /* Main */ = {
			isa = PBXGroup;
			children = (
				C1F35CD62B99A64000B32B4E /* MainViewController.swift */,
				C1F35CE82B99B86000B32B4E /* MyLottoTableViewCell.swift */,
				C170083F2B9DE99A00008BE7 /* MenuTableViewCell.swift */,
				C17008412B9DEA2D00008BE7 /* MenuCollectionViewCell.swift */,
			);
			path = Main;
			sourceTree = "<group>";
		};
		C1F35CCD2B99A60700B32B4E /* Diary */ = {
			isa = PBXGroup;
			children = (
				C1F35CD42B99A63900B32B4E /* DiaryViewController.swift */,
				C17008432B9DFF6A00008BE7 /* DiaryCollectionViewCell.swift */,
			);
			path = Diary;
			sourceTree = "<group>";
		};
		C1F35CCE2B99A60E00B32B4E /* Chart */ = {
			isa = PBXGroup;
			children = (
				C1F35CD22B99A63300B32B4E /* ChartViewController.swift */,
			);
			path = Chart;
			sourceTree = "<group>";
		};
		C1F35CCF2B99A61400B32B4E /* Setting */ = {
			isa = PBXGroup;
			children = (
				C1F35CD02B99A62100B32B4E /* SettingViewController.swift */,
			);
			path = Setting;
			sourceTree = "<group>";
		};
		C1F35CDA2B99A9BD00B32B4E /* Component */ = {
			isa = PBXGroup;
			children = (
				C1F35CDB2B99B59800B32B4E /* NumberButton.swift */,
			);
			path = Component;
			sourceTree = "<group>";
		};
/* End PBXGroup section */

/* Begin PBXNativeTarget section */
		C18567AF2B998DFD00864754 /* LottoDiary */ = {
			isa = PBXNativeTarget;
			buildConfigurationList = C18567C42B998DFF00864754 /* Build configuration list for PBXNativeTarget "LottoDiary" */;
			buildPhases = (
				C18567AC2B998DFD00864754 /* Sources */,
				C18567AD2B998DFD00864754 /* Frameworks */,
				C18567AE2B998DFD00864754 /* Resources */,
			);
			buildRules = (
			);
			dependencies = (
			);
			name = LottoDiary;
			packageProductDependencies = (
				C1F35CDE2B99B6FE00B32B4E /* SnapKit */,
				C1F35CE12B99B70800B32B4E /* Alamofire */,
				C1F35CE42B99B73000B32B4E /* Realm */,
				C1F35CE62B99B73000B32B4E /* RealmSwift */,
			);
			productName = LottoDiary;
			productReference = C18567B02B998DFD00864754 /* LottoDiary.app */;
			productType = "com.apple.product-type.application";
		};
/* End PBXNativeTarget section */

/* Begin PBXProject section */
		C18567A82B998DFD00864754 /* Project object */ = {
			isa = PBXProject;
			attributes = {
				BuildIndependentTargetsInParallel = 1;
				LastSwiftUpdateCheck = 1520;
				LastUpgradeCheck = 1520;
				TargetAttributes = {
					C18567AF2B998DFD00864754 = {
						CreatedOnToolsVersion = 15.2;
					};
				};
			};
			buildConfigurationList = C18567AB2B998DFD00864754 /* Build configuration list for PBXProject "LottoDiary" */;
			compatibilityVersion = "Xcode 14.0";
			developmentRegion = en;
			hasScannedForEncodings = 0;
			knownRegions = (
				en,
				Base,
			);
			mainGroup = C18567A72B998DFD00864754;
			packageReferences = (
				C1F35CDD2B99B6FE00B32B4E /* XCRemoteSwiftPackageReference "SnapKit" */,
				C1F35CE02B99B70800B32B4E /* XCRemoteSwiftPackageReference "Alamofire" */,
				C1F35CE32B99B73000B32B4E /* XCRemoteSwiftPackageReference "realm-swift" */,
			);
			productRefGroup = C18567B12B998DFD00864754 /* Products */;
			projectDirPath = "";
			projectRoot = "";
			targets = (
				C18567AF2B998DFD00864754 /* LottoDiary */,
			);
		};
/* End PBXProject section */

/* Begin PBXResourcesBuildPhase section */
		C18567AE2B998DFD00864754 /* Resources */ = {
			isa = PBXResourcesBuildPhase;
			buildActionMask = 2147483647;
			files = (
				C18567C82B998E1F00864754 /* .gitignore in Resources */,
				C18567C02B998DFF00864754 /* LaunchScreen.storyboard in Resources */,
				C18567BD2B998DFF00864754 /* Assets.xcassets in Resources */,
				C18567BB2B998DFD00864754 /* Main.storyboard in Resources */,
			);
			runOnlyForDeploymentPostprocessing = 0;
		};
/* End PBXResourcesBuildPhase section */

/* Begin PBXSourcesBuildPhase section */
		C18567AC2B998DFD00864754 /* Sources */ = {
			isa = PBXSourcesBuildPhase;
			buildActionMask = 2147483647;
			files = (
				C1F35CED2B99EF3F00B32B4E /* APIManager.swift in Sources */,
				C1F35CF32B99FB2100B32B4E /* Observable.swift in Sources */,
				C1F35CEF2B99F0C500B32B4E /* Lotto.swift in Sources */,
				C1F35CD72B99A64000B32B4E /* MainViewController.swift in Sources */,
				C18567B82B998DFD00864754 /* ViewController.swift in Sources */,
				C18567B42B998DFD00864754 /* AppDelegate.swift in Sources */,
				C18567B62B998DFD00864754 /* SceneDelegate.swift in Sources */,
				C1F35CD12B99A62100B32B4E /* SettingViewController.swift in Sources */,
				C1F35CF12B99FA1700B32B4E /* MainViewModel.swift in Sources */,
				C17008422B9DEA2D00008BE7 /* MenuCollectionViewCell.swift in Sources */,
				C1F35CEB2B99BBC200B32B4E /* FormatterManager.swift in Sources */,
				C17008402B9DE99A00008BE7 /* MenuTableViewCell.swift in Sources */,
				C1F35CD92B99A6D100B32B4E /* BaseViewController.swift in Sources */,
				C1F35CE92B99B86000B32B4E /* MyLottoTableViewCell.swift in Sources */,
				C1F35CDC2B99B59800B32B4E /* NumberButton.swift in Sources */,
				C1F35CD52B99A63900B32B4E /* DiaryViewController.swift in Sources */,
				C17008442B9DFF6A00008BE7 /* DiaryCollectionViewCell.swift in Sources */,
				C1F35CD32B99A63300B32B4E /* ChartViewController.swift in Sources */,
			);
			runOnlyForDeploymentPostprocessing = 0;
		};
/* End PBXSourcesBuildPhase section */

/* Begin PBXVariantGroup section */
		C18567B92B998DFD00864754 /* Main.storyboard */ = {
			isa = PBXVariantGroup;
			children = (
				C18567BA2B998DFD00864754 /* Base */,
			);
			name = Main.storyboard;
			sourceTree = "<group>";
		};
		C18567BE2B998DFF00864754 /* LaunchScreen.storyboard */ = {
			isa = PBXVariantGroup;
			children = (
				C18567BF2B998DFF00864754 /* Base */,
			);
			name = LaunchScreen.storyboard;
			sourceTree = "<group>";
		};
/* End PBXVariantGroup section */

/* Begin XCBuildConfiguration section */
		C18567C22B998DFF00864754 /* Debug */ = {
			isa = XCBuildConfiguration;
			buildSettings = {
				ALWAYS_SEARCH_USER_PATHS = NO;
				ASSETCATALOG_COMPILER_GENERATE_SWIFT_ASSET_SYMBOL_EXTENSIONS = YES;
				CLANG_ANALYZER_NONNULL = YES;
				CLANG_ANALYZER_NUMBER_OBJECT_CONVERSION = YES_AGGRESSIVE;
				CLANG_CXX_LANGUAGE_STANDARD = "gnu++20";
				CLANG_ENABLE_MODULES = YES;
				CLANG_ENABLE_OBJC_ARC = YES;
				CLANG_ENABLE_OBJC_WEAK = YES;
				CLANG_WARN_BLOCK_CAPTURE_AUTORELEASING = YES;
				CLANG_WARN_BOOL_CONVERSION = YES;
				CLANG_WARN_COMMA = YES;
				CLANG_WARN_CONSTANT_CONVERSION = YES;
				CLANG_WARN_DEPRECATED_OBJC_IMPLEMENTATIONS = YES;
				CLANG_WARN_DIRECT_OBJC_ISA_USAGE = YES_ERROR;
				CLANG_WARN_DOCUMENTATION_COMMENTS = YES;
				CLANG_WARN_EMPTY_BODY = YES;
				CLANG_WARN_ENUM_CONVERSION = YES;
				CLANG_WARN_INFINITE_RECURSION = YES;
				CLANG_WARN_INT_CONVERSION = YES;
				CLANG_WARN_NON_LITERAL_NULL_CONVERSION = YES;
				CLANG_WARN_OBJC_IMPLICIT_RETAIN_SELF = YES;
				CLANG_WARN_OBJC_LITERAL_CONVERSION = YES;
				CLANG_WARN_OBJC_ROOT_CLASS = YES_ERROR;
				CLANG_WARN_QUOTED_INCLUDE_IN_FRAMEWORK_HEADER = YES;
				CLANG_WARN_RANGE_LOOP_ANALYSIS = YES;
				CLANG_WARN_STRICT_PROTOTYPES = YES;
				CLANG_WARN_SUSPICIOUS_MOVE = YES;
				CLANG_WARN_UNGUARDED_AVAILABILITY = YES_AGGRESSIVE;
				CLANG_WARN_UNREACHABLE_CODE = YES;
				CLANG_WARN__DUPLICATE_METHOD_MATCH = YES;
				COPY_PHASE_STRIP = NO;
				DEBUG_INFORMATION_FORMAT = dwarf;
				ENABLE_STRICT_OBJC_MSGSEND = YES;
				ENABLE_TESTABILITY = YES;
				ENABLE_USER_SCRIPT_SANDBOXING = YES;
				GCC_C_LANGUAGE_STANDARD = gnu17;
				GCC_DYNAMIC_NO_PIC = NO;
				GCC_NO_COMMON_BLOCKS = YES;
				GCC_OPTIMIZATION_LEVEL = 0;
				GCC_PREPROCESSOR_DEFINITIONS = (
					"DEBUG=1",
					"$(inherited)",
				);
				GCC_WARN_64_TO_32_BIT_CONVERSION = YES;
				GCC_WARN_ABOUT_RETURN_TYPE = YES_ERROR;
				GCC_WARN_UNDECLARED_SELECTOR = YES;
				GCC_WARN_UNINITIALIZED_AUTOS = YES_AGGRESSIVE;
				GCC_WARN_UNUSED_FUNCTION = YES;
				GCC_WARN_UNUSED_VARIABLE = YES;
				IPHONEOS_DEPLOYMENT_TARGET = 17.2;
				LOCALIZATION_PREFERS_STRING_CATALOGS = YES;
				MTL_ENABLE_DEBUG_INFO = INCLUDE_SOURCE;
				MTL_FAST_MATH = YES;
				ONLY_ACTIVE_ARCH = YES;
				SDKROOT = iphoneos;
				SWIFT_ACTIVE_COMPILATION_CONDITIONS = "DEBUG $(inherited)";
				SWIFT_OPTIMIZATION_LEVEL = "-Onone";
			};
			name = Debug;
		};
		C18567C32B998DFF00864754 /* Release */ = {
			isa = XCBuildConfiguration;
			buildSettings = {
				ALWAYS_SEARCH_USER_PATHS = NO;
				ASSETCATALOG_COMPILER_GENERATE_SWIFT_ASSET_SYMBOL_EXTENSIONS = YES;
				CLANG_ANALYZER_NONNULL = YES;
				CLANG_ANALYZER_NUMBER_OBJECT_CONVERSION = YES_AGGRESSIVE;
				CLANG_CXX_LANGUAGE_STANDARD = "gnu++20";
				CLANG_ENABLE_MODULES = YES;
				CLANG_ENABLE_OBJC_ARC = YES;
				CLANG_ENABLE_OBJC_WEAK = YES;
				CLANG_WARN_BLOCK_CAPTURE_AUTORELEASING = YES;
				CLANG_WARN_BOOL_CONVERSION = YES;
				CLANG_WARN_COMMA = YES;
				CLANG_WARN_CONSTANT_CONVERSION = YES;
				CLANG_WARN_DEPRECATED_OBJC_IMPLEMENTATIONS = YES;
				CLANG_WARN_DIRECT_OBJC_ISA_USAGE = YES_ERROR;
				CLANG_WARN_DOCUMENTATION_COMMENTS = YES;
				CLANG_WARN_EMPTY_BODY = YES;
				CLANG_WARN_ENUM_CONVERSION = YES;
				CLANG_WARN_INFINITE_RECURSION = YES;
				CLANG_WARN_INT_CONVERSION = YES;
				CLANG_WARN_NON_LITERAL_NULL_CONVERSION = YES;
				CLANG_WARN_OBJC_IMPLICIT_RETAIN_SELF = YES;
				CLANG_WARN_OBJC_LITERAL_CONVERSION = YES;
				CLANG_WARN_OBJC_ROOT_CLASS = YES_ERROR;
				CLANG_WARN_QUOTED_INCLUDE_IN_FRAMEWORK_HEADER = YES;
				CLANG_WARN_RANGE_LOOP_ANALYSIS = YES;
				CLANG_WARN_STRICT_PROTOTYPES = YES;
				CLANG_WARN_SUSPICIOUS_MOVE = YES;
				CLANG_WARN_UNGUARDED_AVAILABILITY = YES_AGGRESSIVE;
				CLANG_WARN_UNREACHABLE_CODE = YES;
				CLANG_WARN__DUPLICATE_METHOD_MATCH = YES;
				COPY_PHASE_STRIP = NO;
				DEBUG_INFORMATION_FORMAT = "dwarf-with-dsym";
				ENABLE_NS_ASSERTIONS = NO;
				ENABLE_STRICT_OBJC_MSGSEND = YES;
				ENABLE_USER_SCRIPT_SANDBOXING = YES;
				GCC_C_LANGUAGE_STANDARD = gnu17;
				GCC_NO_COMMON_BLOCKS = YES;
				GCC_WARN_64_TO_32_BIT_CONVERSION = YES;
				GCC_WARN_ABOUT_RETURN_TYPE = YES_ERROR;
				GCC_WARN_UNDECLARED_SELECTOR = YES;
				GCC_WARN_UNINITIALIZED_AUTOS = YES_AGGRESSIVE;
				GCC_WARN_UNUSED_FUNCTION = YES;
				GCC_WARN_UNUSED_VARIABLE = YES;
				IPHONEOS_DEPLOYMENT_TARGET = 17.2;
				LOCALIZATION_PREFERS_STRING_CATALOGS = YES;
				MTL_ENABLE_DEBUG_INFO = NO;
				MTL_FAST_MATH = YES;
				SDKROOT = iphoneos;
				SWIFT_COMPILATION_MODE = wholemodule;
				VALIDATE_PRODUCT = YES;
			};
			name = Release;
		};
		C18567C52B998DFF00864754 /* Debug */ = {
			isa = XCBuildConfiguration;
			buildSettings = {
				ASSETCATALOG_COMPILER_APPICON_NAME = AppIcon;
				ASSETCATALOG_COMPILER_GLOBAL_ACCENT_COLOR_NAME = AccentColor;
				CODE_SIGN_STYLE = Automatic;
				CURRENT_PROJECT_VERSION = 1;
				DEVELOPMENT_TEAM = MTUYFM4K8P;
				GENERATE_INFOPLIST_FILE = YES;
				INFOPLIST_FILE = LottoDiary/Info.plist;
				INFOPLIST_KEY_UIApplicationSupportsIndirectInputEvents = YES;
				INFOPLIST_KEY_UILaunchStoryboardName = LaunchScreen;
				INFOPLIST_KEY_UIMainStoryboardFile = Main;
				INFOPLIST_KEY_UISupportedInterfaceOrientations_iPad = "UIInterfaceOrientationPortrait UIInterfaceOrientationPortraitUpsideDown UIInterfaceOrientationLandscapeLeft UIInterfaceOrientationLandscapeRight";
				INFOPLIST_KEY_UISupportedInterfaceOrientations_iPhone = "UIInterfaceOrientationPortrait UIInterfaceOrientationLandscapeLeft UIInterfaceOrientationLandscapeRight";
				LD_RUNPATH_SEARCH_PATHS = (
					"$(inherited)",
					"@executable_path/Frameworks",
				);
				MARKETING_VERSION = 1.0;
				PRODUCT_BUNDLE_IDENTIFIER = Madeline.LottoDiary;
				PRODUCT_NAME = "$(TARGET_NAME)";
				SUPPORTED_PLATFORMS = "iphoneos iphonesimulator";
				SUPPORTS_MACCATALYST = NO;
				SUPPORTS_MAC_DESIGNED_FOR_IPHONE_IPAD = NO;
				SUPPORTS_XR_DESIGNED_FOR_IPHONE_IPAD = NO;
				SWIFT_EMIT_LOC_STRINGS = YES;
				SWIFT_VERSION = 5.0;
				TARGETED_DEVICE_FAMILY = "1,2";
			};
			name = Debug;
		};
		C18567C62B998DFF00864754 /* Release */ = {
			isa = XCBuildConfiguration;
			buildSettings = {
				ASSETCATALOG_COMPILER_APPICON_NAME = AppIcon;
				ASSETCATALOG_COMPILER_GLOBAL_ACCENT_COLOR_NAME = AccentColor;
				CODE_SIGN_STYLE = Automatic;
				CURRENT_PROJECT_VERSION = 1;
				DEVELOPMENT_TEAM = MTUYFM4K8P;
				GENERATE_INFOPLIST_FILE = YES;
				INFOPLIST_FILE = LottoDiary/Info.plist;
				INFOPLIST_KEY_UIApplicationSupportsIndirectInputEvents = YES;
				INFOPLIST_KEY_UILaunchStoryboardName = LaunchScreen;
				INFOPLIST_KEY_UIMainStoryboardFile = Main;
				INFOPLIST_KEY_UISupportedInterfaceOrientations_iPad = "UIInterfaceOrientationPortrait UIInterfaceOrientationPortraitUpsideDown UIInterfaceOrientationLandscapeLeft UIInterfaceOrientationLandscapeRight";
				INFOPLIST_KEY_UISupportedInterfaceOrientations_iPhone = "UIInterfaceOrientationPortrait UIInterfaceOrientationLandscapeLeft UIInterfaceOrientationLandscapeRight";
				LD_RUNPATH_SEARCH_PATHS = (
					"$(inherited)",
					"@executable_path/Frameworks",
				);
				MARKETING_VERSION = 1.0;
				PRODUCT_BUNDLE_IDENTIFIER = Madeline.LottoDiary;
				PRODUCT_NAME = "$(TARGET_NAME)";
				SUPPORTED_PLATFORMS = "iphoneos iphonesimulator";
				SUPPORTS_MACCATALYST = NO;
				SUPPORTS_MAC_DESIGNED_FOR_IPHONE_IPAD = NO;
				SUPPORTS_XR_DESIGNED_FOR_IPHONE_IPAD = NO;
				SWIFT_EMIT_LOC_STRINGS = YES;
				SWIFT_VERSION = 5.0;
				TARGETED_DEVICE_FAMILY = "1,2";
			};
			name = Release;
		};
/* End XCBuildConfiguration section */

/* Begin XCConfigurationList section */
		C18567AB2B998DFD00864754 /* Build configuration list for PBXProject "LottoDiary" */ = {
			isa = XCConfigurationList;
			buildConfigurations = (
				C18567C22B998DFF00864754 /* Debug */,
				C18567C32B998DFF00864754 /* Release */,
			);
			defaultConfigurationIsVisible = 0;
			defaultConfigurationName = Release;
		};
		C18567C42B998DFF00864754 /* Build configuration list for PBXNativeTarget "LottoDiary" */ = {
			isa = XCConfigurationList;
			buildConfigurations = (
				C18567C52B998DFF00864754 /* Debug */,
				C18567C62B998DFF00864754 /* Release */,
			);
			defaultConfigurationIsVisible = 0;
			defaultConfigurationName = Release;
		};
/* End XCConfigurationList section */

/* Begin XCRemoteSwiftPackageReference section */
		C1F35CDD2B99B6FE00B32B4E /* XCRemoteSwiftPackageReference "SnapKit" */ = {
			isa = XCRemoteSwiftPackageReference;
			repositoryURL = "https://github.com/SnapKit/SnapKit.git";
			requirement = {
				kind = upToNextMajorVersion;
				minimumVersion = 5.7.1;
			};
		};
		C1F35CE02B99B70800B32B4E /* XCRemoteSwiftPackageReference "Alamofire" */ = {
			isa = XCRemoteSwiftPackageReference;
			repositoryURL = "https://github.com/Alamofire/Alamofire";
			requirement = {
				kind = upToNextMajorVersion;
				minimumVersion = 5.9.0;
			};
		};
		C1F35CE32B99B73000B32B4E /* XCRemoteSwiftPackageReference "realm-swift" */ = {
			isa = XCRemoteSwiftPackageReference;
			repositoryURL = "https://github.com/realm/realm-swift.git";
			requirement = {
				branch = master;
				kind = branch;
			};
		};
/* End XCRemoteSwiftPackageReference section */

/* Begin XCSwiftPackageProductDependency section */
		C1F35CDE2B99B6FE00B32B4E /* SnapKit */ = {
			isa = XCSwiftPackageProductDependency;
			package = C1F35CDD2B99B6FE00B32B4E /* XCRemoteSwiftPackageReference "SnapKit" */;
			productName = SnapKit;
		};
		C1F35CE12B99B70800B32B4E /* Alamofire */ = {
			isa = XCSwiftPackageProductDependency;
			package = C1F35CE02B99B70800B32B4E /* XCRemoteSwiftPackageReference "Alamofire" */;
			productName = Alamofire;
		};
		C1F35CE42B99B73000B32B4E /* Realm */ = {
			isa = XCSwiftPackageProductDependency;
			package = C1F35CE32B99B73000B32B4E /* XCRemoteSwiftPackageReference "realm-swift" */;
			productName = Realm;
		};
		C1F35CE62B99B73000B32B4E /* RealmSwift */ = {
			isa = XCSwiftPackageProductDependency;
			package = C1F35CE32B99B73000B32B4E /* XCRemoteSwiftPackageReference "realm-swift" */;
			productName = RealmSwift;
		};
/* End XCSwiftPackageProductDependency section */
	};
	rootObject = C18567A82B998DFD00864754 /* Project object */;
}
