// !$*UTF8*$!
{
	archiveVersion = 1;
	classes = {
	};
	objectVersion = 56;
	objects = {

/* Begin PBXBuildFile section */
		C108359F2C3244BD00E66E64 /* APIKey.swift in Sources */ = {isa = PBXBuildFile; fileRef = C108359E2C3244BD00E66E64 /* APIKey.swift */; };
		C10835A42C324A7500E66E64 /* MainTableView.swift in Sources */ = {isa = PBXBuildFile; fileRef = C10835A32C324A7500E66E64 /* MainTableView.swift */; };
		C10835A72C324B0F00E66E64 /* RxCocoa in Frameworks */ = {isa = PBXBuildFile; productRef = C10835A62C324B0F00E66E64 /* RxCocoa */; };
		C10835A92C324B0F00E66E64 /* RxRelay in Frameworks */ = {isa = PBXBuildFile; productRef = C10835A82C324B0F00E66E64 /* RxRelay */; };
		C10835AB2C324B0F00E66E64 /* RxSwift in Frameworks */ = {isa = PBXBuildFile; productRef = C10835AA2C324B0F00E66E64 /* RxSwift */; };
		C10BD2A22C3E58E900AB790E /* (null) in Sources */ = {isa = PBXBuildFile; };
		C10BD2A62C3E61D300AB790E /* GoogleService-Info.plist in Resources */ = {isa = PBXBuildFile; fileRef = C10BD2A52C3E61D300AB790E /* GoogleService-Info.plist */; };
		C12872AA2BAC3AFC00176AD3 /* SixRandomNumbersViewController.swift in Sources */ = {isa = PBXBuildFile; fileRef = C12872A92BAC3AFC00176AD3 /* SixRandomNumbersViewController.swift */; };
		C128733B2BAC45D000176AD3 /* Pretendard-Regular.otf in Resources */ = {isa = PBXBuildFile; fileRef = C12873322BAC45CF00176AD3 /* Pretendard-Regular.otf */; };
		C128733C2BAC45D000176AD3 /* Pretendard-Bold.otf in Resources */ = {isa = PBXBuildFile; fileRef = C12873332BAC45D000176AD3 /* Pretendard-Bold.otf */; };
		C128733D2BAC45D000176AD3 /* Pretendard-ExtraLight.otf in Resources */ = {isa = PBXBuildFile; fileRef = C12873342BAC45D000176AD3 /* Pretendard-ExtraLight.otf */; };
		C128733E2BAC45D000176AD3 /* Pretendard-Thin.otf in Resources */ = {isa = PBXBuildFile; fileRef = C12873352BAC45D000176AD3 /* Pretendard-Thin.otf */; };
		C128733F2BAC45D000176AD3 /* Pretendard-ExtraBold.otf in Resources */ = {isa = PBXBuildFile; fileRef = C12873362BAC45D000176AD3 /* Pretendard-ExtraBold.otf */; };
		C12873402BAC45D000176AD3 /* Pretendard-Medium.otf in Resources */ = {isa = PBXBuildFile; fileRef = C12873372BAC45D000176AD3 /* Pretendard-Medium.otf */; };
		C12873412BAC45D000176AD3 /* Pretendard-SemiBold.otf in Resources */ = {isa = PBXBuildFile; fileRef = C12873382BAC45D000176AD3 /* Pretendard-SemiBold.otf */; };
		C12873422BAC45D000176AD3 /* Pretendard-Light.otf in Resources */ = {isa = PBXBuildFile; fileRef = C12873392BAC45D000176AD3 /* Pretendard-Light.otf */; };
		C12873432BAC45D000176AD3 /* Pretendard-Black.otf in Resources */ = {isa = PBXBuildFile; fileRef = C128733A2BAC45D000176AD3 /* Pretendard-Black.otf */; };
		C12873462BAC46A700176AD3 /* Fonts.swift in Sources */ = {isa = PBXBuildFile; fileRef = C12873452BAC46A700176AD3 /* Fonts.swift */; };
		C12F04B32C33A3CA0012AAFB /* Differentiator in Frameworks */ = {isa = PBXBuildFile; productRef = C12F04B22C33A3CA0012AAFB /* Differentiator */; };
		C12F04B52C33A3CA0012AAFB /* RxDataSources in Frameworks */ = {isa = PBXBuildFile; productRef = C12F04B42C33A3CA0012AAFB /* RxDataSources */; };
		C1314E442BAEC5D8005CF266 /* Number.swift in Sources */ = {isa = PBXBuildFile; fileRef = C1314E432BAEC5D8005CF266 /* Number.swift */; };
		C1314E462BAEC642005CF266 /* NumberRealmRepository.swift in Sources */ = {isa = PBXBuildFile; fileRef = C1314E452BAEC642005CF266 /* NumberRealmRepository.swift */; };
		C1314E492BAEC979005CF266 /* AddMyNumberViewController.swift in Sources */ = {isa = PBXBuildFile; fileRef = C1314E482BAEC979005CF266 /* AddMyNumberViewController.swift */; };
		C1314E4B2BAECA9B005CF266 /* NumberViewModel.swift in Sources */ = {isa = PBXBuildFile; fileRef = C1314E4A2BAECA9B005CF266 /* NumberViewModel.swift */; };
		C1314E4D2BAF50B4005CF266 /* MyLottoResultViewController.swift in Sources */ = {isa = PBXBuildFile; fileRef = C1314E4C2BAF50B4005CF266 /* MyLottoResultViewController.swift */; };
		C1314E4F2BAFF357005CF266 /* StoreListTableViewCell.swift in Sources */ = {isa = PBXBuildFile; fileRef = C1314E4E2BAFF356005CF266 /* StoreListTableViewCell.swift */; };
		C1314E512BB00AC5005CF266 /* MapViewModel.swift in Sources */ = {isa = PBXBuildFile; fileRef = C1314E502BB00AC5005CF266 /* MapViewModel.swift */; };
		C1314E542BB01C8F005CF266 /* LocalNotificationManager.swift in Sources */ = {isa = PBXBuildFile; fileRef = C1314E532BB01C8F005CF266 /* LocalNotificationManager.swift */; };
		C1314EC42BB2B692005CF266 /* FirebaseAnalytics in Frameworks */ = {isa = PBXBuildFile; productRef = C1314EC32BB2B692005CF266 /* FirebaseAnalytics */; };
		C1314EC62BB2B692005CF266 /* FirebaseAnalyticsOnDeviceConversion in Frameworks */ = {isa = PBXBuildFile; productRef = C1314EC52BB2B692005CF266 /* FirebaseAnalyticsOnDeviceConversion */; };
		C1314EC82BB2B692005CF266 /* FirebaseAnalyticsSwift in Frameworks */ = {isa = PBXBuildFile; productRef = C1314EC72BB2B692005CF266 /* FirebaseAnalyticsSwift */; };
		C1314ECA2BB2B692005CF266 /* FirebaseAnalyticsWithoutAdIdSupport in Frameworks */ = {isa = PBXBuildFile; productRef = C1314EC92BB2B692005CF266 /* FirebaseAnalyticsWithoutAdIdSupport */; };
		C1314ECC2BB2B692005CF266 /* FirebaseCrashlytics in Frameworks */ = {isa = PBXBuildFile; productRef = C1314ECB2BB2B692005CF266 /* FirebaseCrashlytics */; };
		C1314ECE2BB2B692005CF266 /* FirebaseDatabase in Frameworks */ = {isa = PBXBuildFile; productRef = C1314ECD2BB2B692005CF266 /* FirebaseDatabase */; };
		C1314ED02BB2B692005CF266 /* FirebaseMessaging in Frameworks */ = {isa = PBXBuildFile; productRef = C1314ECF2BB2B692005CF266 /* FirebaseMessaging */; };
		C14FA1B72BBBD9520090DEEC /* Extension+UINavigationController.swift in Sources */ = {isa = PBXBuildFile; fileRef = C14FA1B62BBBD9520090DEEC /* Extension+UINavigationController.swift */; };
		C14FA1B92BBC69590090DEEC /* CustomNavigationBar.swift in Sources */ = {isa = PBXBuildFile; fileRef = C14FA1B82BBC69590090DEEC /* CustomNavigationBar.swift */; };
		C14FA1BB2BBC6BA90090DEEC /* SettingTableView.swift in Sources */ = {isa = PBXBuildFile; fileRef = C14FA1BA2BBC6BA90090DEEC /* SettingTableView.swift */; };
		C17008402B9DE99A00008BE7 /* MenuTableViewCell.swift in Sources */ = {isa = PBXBuildFile; fileRef = C170083F2B9DE99A00008BE7 /* MenuTableViewCell.swift */; };
		C17008422B9DEA2D00008BE7 /* MenuCollectionViewCell.swift in Sources */ = {isa = PBXBuildFile; fileRef = C17008412B9DEA2D00008BE7 /* MenuCollectionViewCell.swift */; };
		C17008442B9DFF6A00008BE7 /* DiaryCollectionViewCell.swift in Sources */ = {isa = PBXBuildFile; fileRef = C17008432B9DFF6A00008BE7 /* DiaryCollectionViewCell.swift */; };
		C17008472B9E178700008BE7 /* MyLottoViewController.swift in Sources */ = {isa = PBXBuildFile; fileRef = C17008462B9E178700008BE7 /* MyLottoViewController.swift */; };
		C170084A2B9E91A900008BE7 /* WebViewController.swift in Sources */ = {isa = PBXBuildFile; fileRef = C17008492B9E91A900008BE7 /* WebViewController.swift */; };
		C170084F2B9ED4E900008BE7 /* AddDiaryViewController.swift in Sources */ = {isa = PBXBuildFile; fileRef = C170084E2B9ED4E900008BE7 /* AddDiaryViewController.swift */; };
		C17008522B9ED61200008BE7 /* AddContentTableViewCell.swift in Sources */ = {isa = PBXBuildFile; fileRef = C17008512B9ED61200008BE7 /* AddContentTableViewCell.swift */; };
		C17008542B9EE6A800008BE7 /* AddImageTableViewCell.swift in Sources */ = {isa = PBXBuildFile; fileRef = C17008532B9EE6A800008BE7 /* AddImageTableViewCell.swift */; };
		C17008562B9EEAFB00008BE7 /* RealmRepository.swift in Sources */ = {isa = PBXBuildFile; fileRef = C17008552B9EEAFB00008BE7 /* RealmRepository.swift */; };
		C17008592B9EEB3600008BE7 /* Diary.swift in Sources */ = {isa = PBXBuildFile; fileRef = C17008582B9EEB3600008BE7 /* Diary.swift */; };
		C170085B2B9EF0B900008BE7 /* DiaryViewModel.swift in Sources */ = {isa = PBXBuildFile; fileRef = C170085A2B9EF0B900008BE7 /* DiaryViewModel.swift */; };
		C17008732BA00BF400008BE7 /* QRCodeViewController.swift in Sources */ = {isa = PBXBuildFile; fileRef = C17008722BA00BF400008BE7 /* QRCodeViewController.swift */; };
		C17008762BA027A000008BE7 /* BaseMapViewController.swift in Sources */ = {isa = PBXBuildFile; fileRef = C17008752BA027A000008BE7 /* BaseMapViewController.swift */; };
		C170087B2BA029BC00008BE7 /* KakaoMapsSDK_SPM in Frameworks */ = {isa = PBXBuildFile; productRef = C170087A2BA029BC00008BE7 /* KakaoMapsSDK_SPM */; };
		C170087D2BA033D200008BE7 /* StoreMapViewController.swift in Sources */ = {isa = PBXBuildFile; fileRef = C170087C2BA033D200008BE7 /* StoreMapViewController.swift */; };
		C17008802BA061B000008BE7 /* EditMyNumberViewController.swift in Sources */ = {isa = PBXBuildFile; fileRef = C170087F2BA061B000008BE7 /* EditMyNumberViewController.swift */; };
		C17008822BA06A6C00008BE7 /* AddWishTagViewController.swift in Sources */ = {isa = PBXBuildFile; fileRef = C17008812BA06A6C00008BE7 /* AddWishTagViewController.swift */; };
		C18567B42B998DFD00864754 /* AppDelegate.swift in Sources */ = {isa = PBXBuildFile; fileRef = C18567B32B998DFD00864754 /* AppDelegate.swift */; };
		C18567B62B998DFD00864754 /* SceneDelegate.swift in Sources */ = {isa = PBXBuildFile; fileRef = C18567B52B998DFD00864754 /* SceneDelegate.swift */; };
		C18567B82B998DFD00864754 /* ViewController.swift in Sources */ = {isa = PBXBuildFile; fileRef = C18567B72B998DFD00864754 /* ViewController.swift */; };
		C18567BB2B998DFD00864754 /* Main.storyboard in Resources */ = {isa = PBXBuildFile; fileRef = C18567B92B998DFD00864754 /* Main.storyboard */; };
		C18567BD2B998DFF00864754 /* Assets.xcassets in Resources */ = {isa = PBXBuildFile; fileRef = C18567BC2B998DFF00864754 /* Assets.xcassets */; };
		C18567C02B998DFF00864754 /* LaunchScreen.storyboard in Resources */ = {isa = PBXBuildFile; fileRef = C18567BE2B998DFF00864754 /* LaunchScreen.storyboard */; };
		C18567C82B998E1F00864754 /* .gitignore in Resources */ = {isa = PBXBuildFile; fileRef = C18567C72B998E1F00864754 /* .gitignore */; };
		C1978EFF2BA99BEA008EEC9D /* StoreListViewController.swift in Sources */ = {isa = PBXBuildFile; fileRef = C1978EFE2BA99BEA008EEC9D /* StoreListViewController.swift */; };
		C1978F022BAAADB3008EEC9D /* ListMyNumberViewController.swift in Sources */ = {isa = PBXBuildFile; fileRef = C1978F012BAAADB3008EEC9D /* ListMyNumberViewController.swift */; };
		C1978F052BAAAE68008EEC9D /* ListMyNumberTableViewCell.swift in Sources */ = {isa = PBXBuildFile; fileRef = C1978F042BAAAE68008EEC9D /* ListMyNumberTableViewCell.swift */; };
		C1978F082BAABD08008EEC9D /* EditMyNumberTableViewCell.swift in Sources */ = {isa = PBXBuildFile; fileRef = C1978F072BAABD08008EEC9D /* EditMyNumberTableViewCell.swift */; };
		C1978F0A2BAAD574008EEC9D /* OneRandomNumberViewController.swift in Sources */ = {isa = PBXBuildFile; fileRef = C1978F092BAAD574008EEC9D /* OneRandomNumberViewController.swift */; };
		C1978F0C2BAB0666008EEC9D /* AlertManager.swift in Sources */ = {isa = PBXBuildFile; fileRef = C1978F0B2BAB0666008EEC9D /* AlertManager.swift */; };
		C19A13652BB3EF87008609C8 /* BaseTableViewCell.swift in Sources */ = {isa = PBXBuildFile; fileRef = C19A13642BB3EF87008609C8 /* BaseTableViewCell.swift */; };
		C19A13AE2BB7236D008609C8 /* LottoResultViewController.swift in Sources */ = {isa = PBXBuildFile; fileRef = C19A13AD2BB7236D008609C8 /* LottoResultViewController.swift */; };
		C19A13B02BB72557008609C8 /* NumberDisplayTableViewCell.swift in Sources */ = {isa = PBXBuildFile; fileRef = C19A13AF2BB72557008609C8 /* NumberDisplayTableViewCell.swift */; };
		C19A13B32BB94CBB008609C8 /* UserFriendlyError.swift in Sources */ = {isa = PBXBuildFile; fileRef = C19A13B22BB94CBB008609C8 /* UserFriendlyError.swift */; };
		C19A13B52BB9C6AE008609C8 /* QRCodeError.swift in Sources */ = {isa = PBXBuildFile; fileRef = C19A13B42BB9C6AE008609C8 /* QRCodeError.swift */; };
		C1E63AA52BA2BF1000707F53 /* NumberSelectionView.swift in Sources */ = {isa = PBXBuildFile; fileRef = C1E63AA42BA2BF1000707F53 /* NumberSelectionView.swift */; };
		C1E63AA72BA2BFBD00707F53 /* TextCell.swift in Sources */ = {isa = PBXBuildFile; fileRef = C1E63AA62BA2BFBD00707F53 /* TextCell.swift */; };
		C1E63AAA2BA2EA0700707F53 /* MyNumberTableViewCell.swift in Sources */ = {isa = PBXBuildFile; fileRef = C1E63AA92BA2EA0700707F53 /* MyNumberTableViewCell.swift */; };
		C1E63AAD2BA2F77000707F53 /* RandomNumberMakerViewController.swift in Sources */ = {isa = PBXBuildFile; fileRef = C1E63AAC2BA2F77000707F53 /* RandomNumberMakerViewController.swift */; };
		C1E63AB02BA2F80F00707F53 /* CollectionViewPagingLayout in Frameworks */ = {isa = PBXBuildFile; productRef = C1E63AAF2BA2F80F00707F53 /* CollectionViewPagingLayout */; };
		C1E63AB22BA2F82F00707F53 /* RandomNumberMakerCollectionViewCell.swift in Sources */ = {isa = PBXBuildFile; fileRef = C1E63AB12BA2F82F00707F53 /* RandomNumberMakerCollectionViewCell.swift */; };
		C1E63ACA2BA5A60F00707F53 /* SearchResult.swift in Sources */ = {isa = PBXBuildFile; fileRef = C1E63AC92BA5A60F00707F53 /* SearchResult.swift */; };
		C1E63AD02BA82EA200707F53 /* DetailDiaryViewController.swift in Sources */ = {isa = PBXBuildFile; fileRef = C1E63ACF2BA82EA200707F53 /* DetailDiaryViewController.swift */; };
		C1E63ADD2BA95AA100707F53 /* MapViewController.swift in Sources */ = {isa = PBXBuildFile; fileRef = C1E63ADC2BA95AA100707F53 /* MapViewController.swift */; };
		C1F35CD12B99A62100B32B4E /* SettingViewController.swift in Sources */ = {isa = PBXBuildFile; fileRef = C1F35CD02B99A62100B32B4E /* SettingViewController.swift */; };
		C1F35CD32B99A63300B32B4E /* ChartViewController.swift in Sources */ = {isa = PBXBuildFile; fileRef = C1F35CD22B99A63300B32B4E /* ChartViewController.swift */; };
		C1F35CD52B99A63900B32B4E /* DiaryViewController.swift in Sources */ = {isa = PBXBuildFile; fileRef = C1F35CD42B99A63900B32B4E /* DiaryViewController.swift */; };
		C1F35CD72B99A64000B32B4E /* MainViewController.swift in Sources */ = {isa = PBXBuildFile; fileRef = C1F35CD62B99A64000B32B4E /* MainViewController.swift */; };
		C1F35CD92B99A6D100B32B4E /* BaseViewController.swift in Sources */ = {isa = PBXBuildFile; fileRef = C1F35CD82B99A6D100B32B4E /* BaseViewController.swift */; };
		C1F35CDC2B99B59800B32B4E /* NumberButton.swift in Sources */ = {isa = PBXBuildFile; fileRef = C1F35CDB2B99B59800B32B4E /* NumberButton.swift */; };
		C1F35CDF2B99B6FE00B32B4E /* SnapKit in Frameworks */ = {isa = PBXBuildFile; productRef = C1F35CDE2B99B6FE00B32B4E /* SnapKit */; };
		C1F35CE22B99B70800B32B4E /* Alamofire in Frameworks */ = {isa = PBXBuildFile; productRef = C1F35CE12B99B70800B32B4E /* Alamofire */; };
		C1F35CE52B99B73000B32B4E /* Realm in Frameworks */ = {isa = PBXBuildFile; productRef = C1F35CE42B99B73000B32B4E /* Realm */; };
		C1F35CE72B99B73000B32B4E /* RealmSwift in Frameworks */ = {isa = PBXBuildFile; productRef = C1F35CE62B99B73000B32B4E /* RealmSwift */; };
		C1F35CE92B99B86000B32B4E /* MyLottoTableViewCell.swift in Sources */ = {isa = PBXBuildFile; fileRef = C1F35CE82B99B86000B32B4E /* MyLottoTableViewCell.swift */; };
		C1F35CEB2B99BBC200B32B4E /* FormatterManager.swift in Sources */ = {isa = PBXBuildFile; fileRef = C1F35CEA2B99BBC200B32B4E /* FormatterManager.swift */; };
		C1F35CED2B99EF3F00B32B4E /* APIManager.swift in Sources */ = {isa = PBXBuildFile; fileRef = C1F35CEC2B99EF3F00B32B4E /* APIManager.swift */; };
		C1F35CEF2B99F0C500B32B4E /* Lotto.swift in Sources */ = {isa = PBXBuildFile; fileRef = C1F35CEE2B99F0C500B32B4E /* Lotto.swift */; };
		C1F35CF12B99FA1700B32B4E /* MainViewModel.swift in Sources */ = {isa = PBXBuildFile; fileRef = C1F35CF02B99FA1700B32B4E /* MainViewModel.swift */; };
		C1F35CF32B99FB2100B32B4E /* Observable.swift in Sources */ = {isa = PBXBuildFile; fileRef = C1F35CF22B99FB2100B32B4E /* Observable.swift */; };
		C1F790F82C12F07E00B533D4 /* GoogleMobileAds in Frameworks */ = {isa = PBXBuildFile; productRef = C1F790F72C12F07E00B533D4 /* GoogleMobileAds */; };
		C1F790FD2C12F3A600B533D4 /* AdBannerTableViewCell.swift in Sources */ = {isa = PBXBuildFile; fileRef = C1F790FC2C12F3A600B533D4 /* AdBannerTableViewCell.swift */; };
/* End PBXBuildFile section */

/* Begin PBXFileReference section */
		C108359E2C3244BD00E66E64 /* APIKey.swift */ = {isa = PBXFileReference; lastKnownFileType = sourcecode.swift; path = APIKey.swift; sourceTree = "<group>"; };
		C10835A32C324A7500E66E64 /* MainTableView.swift */ = {isa = PBXFileReference; lastKnownFileType = sourcecode.swift; path = MainTableView.swift; sourceTree = "<group>"; };
		C10BD2A52C3E61D300AB790E /* GoogleService-Info.plist */ = {isa = PBXFileReference; fileEncoding = 4; lastKnownFileType = text.plist.xml; path = "GoogleService-Info.plist"; sourceTree = "<group>"; };
		C12872A92BAC3AFC00176AD3 /* SixRandomNumbersViewController.swift */ = {isa = PBXFileReference; lastKnownFileType = sourcecode.swift; path = SixRandomNumbersViewController.swift; sourceTree = "<group>"; };
		C12873322BAC45CF00176AD3 /* Pretendard-Regular.otf */ = {isa = PBXFileReference; lastKnownFileType = file; path = "Pretendard-Regular.otf"; sourceTree = "<group>"; };
		C12873332BAC45D000176AD3 /* Pretendard-Bold.otf */ = {isa = PBXFileReference; lastKnownFileType = file; path = "Pretendard-Bold.otf"; sourceTree = "<group>"; };
		C12873342BAC45D000176AD3 /* Pretendard-ExtraLight.otf */ = {isa = PBXFileReference; lastKnownFileType = file; path = "Pretendard-ExtraLight.otf"; sourceTree = "<group>"; };
		C12873352BAC45D000176AD3 /* Pretendard-Thin.otf */ = {isa = PBXFileReference; lastKnownFileType = file; path = "Pretendard-Thin.otf"; sourceTree = "<group>"; };
		C12873362BAC45D000176AD3 /* Pretendard-ExtraBold.otf */ = {isa = PBXFileReference; lastKnownFileType = file; path = "Pretendard-ExtraBold.otf"; sourceTree = "<group>"; };
		C12873372BAC45D000176AD3 /* Pretendard-Medium.otf */ = {isa = PBXFileReference; lastKnownFileType = file; path = "Pretendard-Medium.otf"; sourceTree = "<group>"; };
		C12873382BAC45D000176AD3 /* Pretendard-SemiBold.otf */ = {isa = PBXFileReference; lastKnownFileType = file; path = "Pretendard-SemiBold.otf"; sourceTree = "<group>"; };
		C12873392BAC45D000176AD3 /* Pretendard-Light.otf */ = {isa = PBXFileReference; lastKnownFileType = file; path = "Pretendard-Light.otf"; sourceTree = "<group>"; };
		C128733A2BAC45D000176AD3 /* Pretendard-Black.otf */ = {isa = PBXFileReference; lastKnownFileType = file; path = "Pretendard-Black.otf"; sourceTree = "<group>"; };
		C12873452BAC46A700176AD3 /* Fonts.swift */ = {isa = PBXFileReference; lastKnownFileType = sourcecode.swift; path = Fonts.swift; sourceTree = "<group>"; };
		C1314E432BAEC5D8005CF266 /* Number.swift */ = {isa = PBXFileReference; lastKnownFileType = sourcecode.swift; path = Number.swift; sourceTree = "<group>"; };
		C1314E452BAEC642005CF266 /* NumberRealmRepository.swift */ = {isa = PBXFileReference; lastKnownFileType = sourcecode.swift; path = NumberRealmRepository.swift; sourceTree = "<group>"; };
		C1314E482BAEC979005CF266 /* AddMyNumberViewController.swift */ = {isa = PBXFileReference; lastKnownFileType = sourcecode.swift; path = AddMyNumberViewController.swift; sourceTree = "<group>"; };
		C1314E4A2BAECA9B005CF266 /* NumberViewModel.swift */ = {isa = PBXFileReference; lastKnownFileType = sourcecode.swift; path = NumberViewModel.swift; sourceTree = "<group>"; };
		C1314E4C2BAF50B4005CF266 /* MyLottoResultViewController.swift */ = {isa = PBXFileReference; lastKnownFileType = sourcecode.swift; path = MyLottoResultViewController.swift; sourceTree = "<group>"; };
		C1314E4E2BAFF356005CF266 /* StoreListTableViewCell.swift */ = {isa = PBXFileReference; lastKnownFileType = sourcecode.swift; path = StoreListTableViewCell.swift; sourceTree = "<group>"; };
		C1314E502BB00AC5005CF266 /* MapViewModel.swift */ = {isa = PBXFileReference; lastKnownFileType = sourcecode.swift; path = MapViewModel.swift; sourceTree = "<group>"; };
		C1314E532BB01C8F005CF266 /* LocalNotificationManager.swift */ = {isa = PBXFileReference; lastKnownFileType = sourcecode.swift; path = LocalNotificationManager.swift; sourceTree = "<group>"; };
		C14FA1B62BBBD9520090DEEC /* Extension+UINavigationController.swift */ = {isa = PBXFileReference; lastKnownFileType = sourcecode.swift; path = "Extension+UINavigationController.swift"; sourceTree = "<group>"; };
		C14FA1B82BBC69590090DEEC /* CustomNavigationBar.swift */ = {isa = PBXFileReference; lastKnownFileType = sourcecode.swift; path = CustomNavigationBar.swift; sourceTree = "<group>"; };
		C14FA1BA2BBC6BA90090DEEC /* SettingTableView.swift */ = {isa = PBXFileReference; lastKnownFileType = sourcecode.swift; path = SettingTableView.swift; sourceTree = "<group>"; };
		C170083F2B9DE99A00008BE7 /* MenuTableViewCell.swift */ = {isa = PBXFileReference; lastKnownFileType = sourcecode.swift; path = MenuTableViewCell.swift; sourceTree = "<group>"; };
		C17008412B9DEA2D00008BE7 /* MenuCollectionViewCell.swift */ = {isa = PBXFileReference; lastKnownFileType = sourcecode.swift; path = MenuCollectionViewCell.swift; sourceTree = "<group>"; };
		C17008432B9DFF6A00008BE7 /* DiaryCollectionViewCell.swift */ = {isa = PBXFileReference; lastKnownFileType = sourcecode.swift; path = DiaryCollectionViewCell.swift; sourceTree = "<group>"; };
		C17008462B9E178700008BE7 /* MyLottoViewController.swift */ = {isa = PBXFileReference; lastKnownFileType = sourcecode.swift; path = MyLottoViewController.swift; sourceTree = "<group>"; };
		C17008492B9E91A900008BE7 /* WebViewController.swift */ = {isa = PBXFileReference; lastKnownFileType = sourcecode.swift; path = WebViewController.swift; sourceTree = "<group>"; };
		C170084E2B9ED4E900008BE7 /* AddDiaryViewController.swift */ = {isa = PBXFileReference; lastKnownFileType = sourcecode.swift; path = AddDiaryViewController.swift; sourceTree = "<group>"; };
		C17008512B9ED61200008BE7 /* AddContentTableViewCell.swift */ = {isa = PBXFileReference; lastKnownFileType = sourcecode.swift; path = AddContentTableViewCell.swift; sourceTree = "<group>"; };
		C17008532B9EE6A800008BE7 /* AddImageTableViewCell.swift */ = {isa = PBXFileReference; lastKnownFileType = sourcecode.swift; path = AddImageTableViewCell.swift; sourceTree = "<group>"; };
		C17008552B9EEAFB00008BE7 /* RealmRepository.swift */ = {isa = PBXFileReference; lastKnownFileType = sourcecode.swift; path = RealmRepository.swift; sourceTree = "<group>"; };
		C17008582B9EEB3600008BE7 /* Diary.swift */ = {isa = PBXFileReference; lastKnownFileType = sourcecode.swift; path = Diary.swift; sourceTree = "<group>"; };
		C170085A2B9EF0B900008BE7 /* DiaryViewModel.swift */ = {isa = PBXFileReference; lastKnownFileType = sourcecode.swift; path = DiaryViewModel.swift; sourceTree = "<group>"; };
		C17008722BA00BF400008BE7 /* QRCodeViewController.swift */ = {isa = PBXFileReference; lastKnownFileType = sourcecode.swift; path = QRCodeViewController.swift; sourceTree = "<group>"; };
		C17008752BA027A000008BE7 /* BaseMapViewController.swift */ = {isa = PBXFileReference; lastKnownFileType = sourcecode.swift; path = BaseMapViewController.swift; sourceTree = "<group>"; };
		C170087C2BA033D200008BE7 /* StoreMapViewController.swift */ = {isa = PBXFileReference; lastKnownFileType = sourcecode.swift; path = StoreMapViewController.swift; sourceTree = "<group>"; };
		C170087F2BA061B000008BE7 /* EditMyNumberViewController.swift */ = {isa = PBXFileReference; lastKnownFileType = sourcecode.swift; path = EditMyNumberViewController.swift; sourceTree = "<group>"; };
		C17008812BA06A6C00008BE7 /* AddWishTagViewController.swift */ = {isa = PBXFileReference; lastKnownFileType = sourcecode.swift; path = AddWishTagViewController.swift; sourceTree = "<group>"; };
		C18567B02B998DFD00864754 /* LottoDiary.app */ = {isa = PBXFileReference; explicitFileType = wrapper.application; includeInIndex = 0; path = LottoDiary.app; sourceTree = BUILT_PRODUCTS_DIR; };
		C18567B32B998DFD00864754 /* AppDelegate.swift */ = {isa = PBXFileReference; lastKnownFileType = sourcecode.swift; path = AppDelegate.swift; sourceTree = "<group>"; };
		C18567B52B998DFD00864754 /* SceneDelegate.swift */ = {isa = PBXFileReference; lastKnownFileType = sourcecode.swift; path = SceneDelegate.swift; sourceTree = "<group>"; };
		C18567B72B998DFD00864754 /* ViewController.swift */ = {isa = PBXFileReference; lastKnownFileType = sourcecode.swift; path = ViewController.swift; sourceTree = "<group>"; };
		C18567BA2B998DFD00864754 /* Base */ = {isa = PBXFileReference; lastKnownFileType = file.storyboard; name = Base; path = Base.lproj/Main.storyboard; sourceTree = "<group>"; };
		C18567BC2B998DFF00864754 /* Assets.xcassets */ = {isa = PBXFileReference; lastKnownFileType = folder.assetcatalog; path = Assets.xcassets; sourceTree = "<group>"; };
		C18567BF2B998DFF00864754 /* Base */ = {isa = PBXFileReference; lastKnownFileType = file.storyboard; name = Base; path = Base.lproj/LaunchScreen.storyboard; sourceTree = "<group>"; };
		C18567C12B998DFF00864754 /* Info.plist */ = {isa = PBXFileReference; lastKnownFileType = text.plist.xml; path = Info.plist; sourceTree = "<group>"; };
		C18567C72B998E1F00864754 /* .gitignore */ = {isa = PBXFileReference; lastKnownFileType = text; path = .gitignore; sourceTree = "<group>"; };
		C1978EFE2BA99BEA008EEC9D /* StoreListViewController.swift */ = {isa = PBXFileReference; lastKnownFileType = sourcecode.swift; path = StoreListViewController.swift; sourceTree = "<group>"; };
		C1978F012BAAADB3008EEC9D /* ListMyNumberViewController.swift */ = {isa = PBXFileReference; lastKnownFileType = sourcecode.swift; path = ListMyNumberViewController.swift; sourceTree = "<group>"; };
		C1978F042BAAAE68008EEC9D /* ListMyNumberTableViewCell.swift */ = {isa = PBXFileReference; lastKnownFileType = sourcecode.swift; path = ListMyNumberTableViewCell.swift; sourceTree = "<group>"; };
		C1978F072BAABD08008EEC9D /* EditMyNumberTableViewCell.swift */ = {isa = PBXFileReference; lastKnownFileType = sourcecode.swift; path = EditMyNumberTableViewCell.swift; sourceTree = "<group>"; };
		C1978F092BAAD574008EEC9D /* OneRandomNumberViewController.swift */ = {isa = PBXFileReference; lastKnownFileType = sourcecode.swift; path = OneRandomNumberViewController.swift; sourceTree = "<group>"; };
		C1978F0B2BAB0666008EEC9D /* AlertManager.swift */ = {isa = PBXFileReference; lastKnownFileType = sourcecode.swift; path = AlertManager.swift; sourceTree = "<group>"; };
		C19A13642BB3EF87008609C8 /* BaseTableViewCell.swift */ = {isa = PBXFileReference; lastKnownFileType = sourcecode.swift; path = BaseTableViewCell.swift; sourceTree = "<group>"; };
		C19A13AD2BB7236D008609C8 /* LottoResultViewController.swift */ = {isa = PBXFileReference; lastKnownFileType = sourcecode.swift; path = LottoResultViewController.swift; sourceTree = "<group>"; };
		C19A13AF2BB72557008609C8 /* NumberDisplayTableViewCell.swift */ = {isa = PBXFileReference; lastKnownFileType = sourcecode.swift; path = NumberDisplayTableViewCell.swift; sourceTree = "<group>"; };
		C19A13B22BB94CBB008609C8 /* UserFriendlyError.swift */ = {isa = PBXFileReference; lastKnownFileType = sourcecode.swift; path = UserFriendlyError.swift; sourceTree = "<group>"; };
		C19A13B42BB9C6AE008609C8 /* QRCodeError.swift */ = {isa = PBXFileReference; lastKnownFileType = sourcecode.swift; path = QRCodeError.swift; sourceTree = "<group>"; };
		C1E63AA42BA2BF1000707F53 /* NumberSelectionView.swift */ = {isa = PBXFileReference; lastKnownFileType = sourcecode.swift; path = NumberSelectionView.swift; sourceTree = "<group>"; };
		C1E63AA62BA2BFBD00707F53 /* TextCell.swift */ = {isa = PBXFileReference; lastKnownFileType = sourcecode.swift; path = TextCell.swift; sourceTree = "<group>"; };
		C1E63AA92BA2EA0700707F53 /* MyNumberTableViewCell.swift */ = {isa = PBXFileReference; lastKnownFileType = sourcecode.swift; path = MyNumberTableViewCell.swift; sourceTree = "<group>"; };
		C1E63AAC2BA2F77000707F53 /* RandomNumberMakerViewController.swift */ = {isa = PBXFileReference; lastKnownFileType = sourcecode.swift; path = RandomNumberMakerViewController.swift; sourceTree = "<group>"; };
		C1E63AB12BA2F82F00707F53 /* RandomNumberMakerCollectionViewCell.swift */ = {isa = PBXFileReference; lastKnownFileType = sourcecode.swift; path = RandomNumberMakerCollectionViewCell.swift; sourceTree = "<group>"; };
		C1E63AC92BA5A60F00707F53 /* SearchResult.swift */ = {isa = PBXFileReference; lastKnownFileType = sourcecode.swift; path = SearchResult.swift; sourceTree = "<group>"; };
		C1E63ACF2BA82EA200707F53 /* DetailDiaryViewController.swift */ = {isa = PBXFileReference; lastKnownFileType = sourcecode.swift; path = DetailDiaryViewController.swift; sourceTree = "<group>"; };
		C1E63ADC2BA95AA100707F53 /* MapViewController.swift */ = {isa = PBXFileReference; lastKnownFileType = sourcecode.swift; path = MapViewController.swift; sourceTree = "<group>"; };
		C1F35CD02B99A62100B32B4E /* SettingViewController.swift */ = {isa = PBXFileReference; lastKnownFileType = sourcecode.swift; path = SettingViewController.swift; sourceTree = "<group>"; };
		C1F35CD22B99A63300B32B4E /* ChartViewController.swift */ = {isa = PBXFileReference; lastKnownFileType = sourcecode.swift; path = ChartViewController.swift; sourceTree = "<group>"; };
		C1F35CD42B99A63900B32B4E /* DiaryViewController.swift */ = {isa = PBXFileReference; lastKnownFileType = sourcecode.swift; path = DiaryViewController.swift; sourceTree = "<group>"; };
		C1F35CD62B99A64000B32B4E /* MainViewController.swift */ = {isa = PBXFileReference; lastKnownFileType = sourcecode.swift; path = MainViewController.swift; sourceTree = "<group>"; };
		C1F35CD82B99A6D100B32B4E /* BaseViewController.swift */ = {isa = PBXFileReference; lastKnownFileType = sourcecode.swift; path = BaseViewController.swift; sourceTree = "<group>"; };
		C1F35CDB2B99B59800B32B4E /* NumberButton.swift */ = {isa = PBXFileReference; lastKnownFileType = sourcecode.swift; path = NumberButton.swift; sourceTree = "<group>"; };
		C1F35CE82B99B86000B32B4E /* MyLottoTableViewCell.swift */ = {isa = PBXFileReference; lastKnownFileType = sourcecode.swift; path = MyLottoTableViewCell.swift; sourceTree = "<group>"; };
		C1F35CEA2B99BBC200B32B4E /* FormatterManager.swift */ = {isa = PBXFileReference; lastKnownFileType = sourcecode.swift; path = FormatterManager.swift; sourceTree = "<group>"; };
		C1F35CEC2B99EF3F00B32B4E /* APIManager.swift */ = {isa = PBXFileReference; lastKnownFileType = sourcecode.swift; path = APIManager.swift; sourceTree = "<group>"; };
		C1F35CEE2B99F0C500B32B4E /* Lotto.swift */ = {isa = PBXFileReference; lastKnownFileType = sourcecode.swift; path = Lotto.swift; sourceTree = "<group>"; };
		C1F35CF02B99FA1700B32B4E /* MainViewModel.swift */ = {isa = PBXFileReference; lastKnownFileType = sourcecode.swift; path = MainViewModel.swift; sourceTree = "<group>"; };
		C1F35CF22B99FB2100B32B4E /* Observable.swift */ = {isa = PBXFileReference; lastKnownFileType = sourcecode.swift; path = Observable.swift; sourceTree = "<group>"; };
		C1F790FC2C12F3A600B533D4 /* AdBannerTableViewCell.swift */ = {isa = PBXFileReference; lastKnownFileType = sourcecode.swift; path = AdBannerTableViewCell.swift; sourceTree = "<group>"; };
/* End PBXFileReference section */

/* Begin PBXFrameworksBuildPhase section */
		C18567AD2B998DFD00864754 /* Frameworks */ = {
			isa = PBXFrameworksBuildPhase;
			buildActionMask = 2147483647;
			files = (
				C1314EC82BB2B692005CF266 /* FirebaseAnalyticsSwift in Frameworks */,
				C1314ECA2BB2B692005CF266 /* FirebaseAnalyticsWithoutAdIdSupport in Frameworks */,
				C1314EC42BB2B692005CF266 /* FirebaseAnalytics in Frameworks */,
				C1F35CE72B99B73000B32B4E /* RealmSwift in Frameworks */,
				C1F35CE52B99B73000B32B4E /* Realm in Frameworks */,
				C1314ECC2BB2B692005CF266 /* FirebaseCrashlytics in Frameworks */,
				C1F790F82C12F07E00B533D4 /* GoogleMobileAds in Frameworks */,
				C1314ECE2BB2B692005CF266 /* FirebaseDatabase in Frameworks */,
				C10835AB2C324B0F00E66E64 /* RxSwift in Frameworks */,
				C170087B2BA029BC00008BE7 /* KakaoMapsSDK_SPM in Frameworks */,
				C1314ED02BB2B692005CF266 /* FirebaseMessaging in Frameworks */,
				C1F35CDF2B99B6FE00B32B4E /* SnapKit in Frameworks */,
				C1F35CE22B99B70800B32B4E /* Alamofire in Frameworks */,
				C10835A72C324B0F00E66E64 /* RxCocoa in Frameworks */,
				C1E63AB02BA2F80F00707F53 /* CollectionViewPagingLayout in Frameworks */,
				C10835A92C324B0F00E66E64 /* RxRelay in Frameworks */,
				C12F04B32C33A3CA0012AAFB /* Differentiator in Frameworks */,
				C12F04B52C33A3CA0012AAFB /* RxDataSources in Frameworks */,
				C1314EC62BB2B692005CF266 /* FirebaseAnalyticsOnDeviceConversion in Frameworks */,
			);
			runOnlyForDeploymentPostprocessing = 0;
		};
/* End PBXFrameworksBuildPhase section */

/* Begin PBXGroup section */
		C10BD2A72C3E62CB00AB790E /* Cell */ = {
			isa = PBXGroup;
			children = (
				C17008412B9DEA2D00008BE7 /* MenuCollectionViewCell.swift */,
				C170083F2B9DE99A00008BE7 /* MenuTableViewCell.swift */,
				C1F35CE82B99B86000B32B4E /* MyLottoTableViewCell.swift */,
			);
			path = Cell;
			sourceTree = "<group>";
		};
		C12872AB2BAC459100176AD3 /* Resources */ = {
			isa = PBXGroup;
			children = (
				C12872AC2BAC459E00176AD3 /* Font */,
			);
			path = Resources;
			sourceTree = "<group>";
		};
		C12872AC2BAC459E00176AD3 /* Font */ = {
			isa = PBXGroup;
			children = (
				C128733A2BAC45D000176AD3 /* Pretendard-Black.otf */,
				C12873332BAC45D000176AD3 /* Pretendard-Bold.otf */,
				C12873362BAC45D000176AD3 /* Pretendard-ExtraBold.otf */,
				C12873342BAC45D000176AD3 /* Pretendard-ExtraLight.otf */,
				C12873392BAC45D000176AD3 /* Pretendard-Light.otf */,
				C12873372BAC45D000176AD3 /* Pretendard-Medium.otf */,
				C12873322BAC45CF00176AD3 /* Pretendard-Regular.otf */,
				C12873382BAC45D000176AD3 /* Pretendard-SemiBold.otf */,
				C12873352BAC45D000176AD3 /* Pretendard-Thin.otf */,
			);
			path = Font;
			sourceTree = "<group>";
		};
		C12873442BAC469400176AD3 /* Extension */ = {
			isa = PBXGroup;
			children = (
				C14FA1B62BBBD9520090DEEC /* Extension+UINavigationController.swift */,
			);
			path = Extension;
			sourceTree = "<group>";
		};
		C1314E472BAEC96D005CF266 /* Add */ = {
			isa = PBXGroup;
			children = (
				C1314E482BAEC979005CF266 /* AddMyNumberViewController.swift */,
			);
			path = Add;
			sourceTree = "<group>";
		};
		C17008452B9E177800008BE7 /* MyLotto */ = {
			isa = PBXGroup;
			children = (
				C17008462B9E178700008BE7 /* MyLottoViewController.swift */,
				C17008722BA00BF400008BE7 /* QRCodeViewController.swift */,
				C1314E4C2BAF50B4005CF266 /* MyLottoResultViewController.swift */,
				C19A13AD2BB7236D008609C8 /* LottoResultViewController.swift */,
				C19A13AF2BB72557008609C8 /* NumberDisplayTableViewCell.swift */,
			);
			path = MyLotto;
			sourceTree = "<group>";
		};
		C17008482B9E919D00008BE7 /* Purchase */ = {
			isa = PBXGroup;
			children = (
				C17008492B9E91A900008BE7 /* WebViewController.swift */,
			);
			path = Purchase;
			sourceTree = "<group>";
		};
		C17008502B9ED5F900008BE7 /* Add */ = {
			isa = PBXGroup;
			children = (
				C170084E2B9ED4E900008BE7 /* AddDiaryViewController.swift */,
				C17008512B9ED61200008BE7 /* AddContentTableViewCell.swift */,
				C17008532B9EE6A800008BE7 /* AddImageTableViewCell.swift */,
				C17008812BA06A6C00008BE7 /* AddWishTagViewController.swift */,
			);
			path = Add;
			sourceTree = "<group>";
		};
		C17008572B9EEB3000008BE7 /* Realm */ = {
			isa = PBXGroup;
			children = (
				C17008582B9EEB3600008BE7 /* Diary.swift */,
				C1314E432BAEC5D8005CF266 /* Number.swift */,
			);
			path = Realm;
			sourceTree = "<group>";
		};
		C17008742BA0278C00008BE7 /* Map */ = {
			isa = PBXGroup;
			children = (
				C17008752BA027A000008BE7 /* BaseMapViewController.swift */,
				C170087C2BA033D200008BE7 /* StoreMapViewController.swift */,
				C1E63ADC2BA95AA100707F53 /* MapViewController.swift */,
				C1978EFE2BA99BEA008EEC9D /* StoreListViewController.swift */,
				C1314E4E2BAFF356005CF266 /* StoreListTableViewCell.swift */,
			);
			path = Map;
			sourceTree = "<group>";
		};
		C170087E2BA061A400008BE7 /* MyNumber */ = {
			isa = PBXGroup;
			children = (
				C1314E472BAEC96D005CF266 /* Add */,
				C1978F062BAABCF7008EEC9D /* Edit */,
				C1978F032BAAAE5A008EEC9D /* List */,
				C1E63AA82BA2E13A00707F53 /* NumberButtons */,
				C1E63AA92BA2EA0700707F53 /* MyNumberTableViewCell.swift */,
			);
			path = MyNumber;
			sourceTree = "<group>";
		};
		C18567A72B998DFD00864754 = {
			isa = PBXGroup;
			children = (
				C18567B22B998DFD00864754 /* LottoDiary */,
				C18567B12B998DFD00864754 /* Products */,
			);
			sourceTree = "<group>";
		};
		C18567B12B998DFD00864754 /* Products */ = {
			isa = PBXGroup;
			children = (
				C18567B02B998DFD00864754 /* LottoDiary.app */,
			);
			name = Products;
			sourceTree = "<group>";
		};
		C18567B22B998DFD00864754 /* LottoDiary */ = {
			isa = PBXGroup;
			children = (
				C10BD2A52C3E61D300AB790E /* GoogleService-Info.plist */,
				C12873442BAC469400176AD3 /* Extension */,
				C12872AB2BAC459100176AD3 /* Resources */,
				C18567CC2B999F6200864754 /* Manager */,
				C18567CB2B999F5C00864754 /* ViewModel */,
				C18567CA2B999F5900864754 /* Model */,
				C18567C92B999F5200864754 /* View */,
				C18567B32B998DFD00864754 /* AppDelegate.swift */,
				C18567B52B998DFD00864754 /* SceneDelegate.swift */,
				C18567B72B998DFD00864754 /* ViewController.swift */,
				C18567B92B998DFD00864754 /* Main.storyboard */,
				C18567BC2B998DFF00864754 /* Assets.xcassets */,
				C18567BE2B998DFF00864754 /* LaunchScreen.storyboard */,
				C18567C12B998DFF00864754 /* Info.plist */,
				C18567C72B998E1F00864754 /* .gitignore */,
			);
			path = LottoDiary;
			sourceTree = "<group>";
		};
		C18567C92B999F5200864754 /* View */ = {
			isa = PBXGroup;
			children = (
				C1F35CDA2B99A9BD00B32B4E /* Component */,
				C1F35CCF2B99A61400B32B4E /* Setting */,
				C1F35CCE2B99A60E00B32B4E /* Chart */,
				C1F35CCD2B99A60700B32B4E /* Diary */,
				C18567CE2B999F7500864754 /* MainGroup */,
				C18567CD2B999F7000864754 /* Base */,
			);
			path = View;
			sourceTree = "<group>";
		};
		C18567CA2B999F5900864754 /* Model */ = {
			isa = PBXGroup;
			children = (
				C19A13B12BB94CA3008609C8 /* ErrorMessage */,
				C17008572B9EEB3000008BE7 /* Realm */,
				C1F35CEE2B99F0C500B32B4E /* Lotto.swift */,
				C1E63AC92BA5A60F00707F53 /* SearchResult.swift */,
				C108359E2C3244BD00E66E64 /* APIKey.swift */,
			);
			path = Model;
			sourceTree = "<group>";
		};
		C18567CB2B999F5C00864754 /* ViewModel */ = {
			isa = PBXGroup;
			children = (
				C1F35CF02B99FA1700B32B4E /* MainViewModel.swift */,
				C1F35CF22B99FB2100B32B4E /* Observable.swift */,
				C170085A2B9EF0B900008BE7 /* DiaryViewModel.swift */,
				C1314E4A2BAECA9B005CF266 /* NumberViewModel.swift */,
				C1314E502BB00AC5005CF266 /* MapViewModel.swift */,
			);
			path = ViewModel;
			sourceTree = "<group>";
		};
		C18567CC2B999F6200864754 /* Manager */ = {
			isa = PBXGroup;
			children = (
				C1F35CEA2B99BBC200B32B4E /* FormatterManager.swift */,
				C1F35CEC2B99EF3F00B32B4E /* APIManager.swift */,
				C17008552B9EEAFB00008BE7 /* RealmRepository.swift */,
				C1978F0B2BAB0666008EEC9D /* AlertManager.swift */,
				C1314E452BAEC642005CF266 /* NumberRealmRepository.swift */,
				C1314E532BB01C8F005CF266 /* LocalNotificationManager.swift */,
			);
			path = Manager;
			sourceTree = "<group>";
		};
		C18567CD2B999F7000864754 /* Base */ = {
			isa = PBXGroup;
			children = (
				C1F35CD82B99A6D100B32B4E /* BaseViewController.swift */,
				C19A13642BB3EF87008609C8 /* BaseTableViewCell.swift */,
			);
			path = Base;
			sourceTree = "<group>";
		};
		C18567CE2B999F7500864754 /* MainGroup */ = {
			isa = PBXGroup;
			children = (
				C1F790F92C12F32C00B533D4 /* Ad */,
				C1E63AC62BA4433C00707F53 /* Main */,
				C1E63AAB2BA2F75200707F53 /* RandomNumberMaker */,
				C170087E2BA061A400008BE7 /* MyNumber */,
				C17008742BA0278C00008BE7 /* Map */,
				C17008482B9E919D00008BE7 /* Purchase */,
				C17008452B9E177800008BE7 /* MyLotto */,
			);
			path = MainGroup;
			sourceTree = "<group>";
		};
		C1978F032BAAAE5A008EEC9D /* List */ = {
			isa = PBXGroup;
			children = (
				C1978F012BAAADB3008EEC9D /* ListMyNumberViewController.swift */,
				C1978F042BAAAE68008EEC9D /* ListMyNumberTableViewCell.swift */,
			);
			path = List;
			sourceTree = "<group>";
		};
		C1978F062BAABCF7008EEC9D /* Edit */ = {
			isa = PBXGroup;
			children = (
				C170087F2BA061B000008BE7 /* EditMyNumberViewController.swift */,
				C1978F072BAABD08008EEC9D /* EditMyNumberTableViewCell.swift */,
			);
			path = Edit;
			sourceTree = "<group>";
		};
		C19A13B12BB94CA3008609C8 /* ErrorMessage */ = {
			isa = PBXGroup;
			children = (
				C19A13B22BB94CBB008609C8 /* UserFriendlyError.swift */,
				C19A13B42BB9C6AE008609C8 /* QRCodeError.swift */,
			);
			path = ErrorMessage;
			sourceTree = "<group>";
		};
		C1E63AA82BA2E13A00707F53 /* NumberButtons */ = {
			isa = PBXGroup;
			children = (
				C1E63AA62BA2BFBD00707F53 /* TextCell.swift */,
				C1E63AA42BA2BF1000707F53 /* NumberSelectionView.swift */,
			);
			path = NumberButtons;
			sourceTree = "<group>";
		};
		C1E63AAB2BA2F75200707F53 /* RandomNumberMaker */ = {
			isa = PBXGroup;
			children = (
				C1E63AAC2BA2F77000707F53 /* RandomNumberMakerViewController.swift */,
				C1E63AB12BA2F82F00707F53 /* RandomNumberMakerCollectionViewCell.swift */,
				C1978F092BAAD574008EEC9D /* OneRandomNumberViewController.swift */,
				C12872A92BAC3AFC00176AD3 /* SixRandomNumbersViewController.swift */,
			);
			path = RandomNumberMaker;
			sourceTree = "<group>";
		};
		C1E63AC62BA4433C00707F53 /* Main */ = {
			isa = PBXGroup;
			children = (
				C10BD2A72C3E62CB00AB790E /* Cell */,
				C1F35CD62B99A64000B32B4E /* MainViewController.swift */,
				C10835A32C324A7500E66E64 /* MainTableView.swift */,
			);
			path = Main;
			sourceTree = "<group>";
		};
		C1E63ACE2BA82E7900707F53 /* Detail */ = {
			isa = PBXGroup;
			children = (
				C1E63ACF2BA82EA200707F53 /* DetailDiaryViewController.swift */,
			);
			path = Detail;
			sourceTree = "<group>";
		};
		C1F35CCD2B99A60700B32B4E /* Diary */ = {
			isa = PBXGroup;
			children = (
				C1E63ACE2BA82E7900707F53 /* Detail */,
				C17008502B9ED5F900008BE7 /* Add */,
				C1F35CD42B99A63900B32B4E /* DiaryViewController.swift */,
				C17008432B9DFF6A00008BE7 /* DiaryCollectionViewCell.swift */,
			);
			path = Diary;
			sourceTree = "<group>";
		};
		C1F35CCE2B99A60E00B32B4E /* Chart */ = {
			isa = PBXGroup;
			children = (
				C1F35CD22B99A63300B32B4E /* ChartViewController.swift */,
			);
			path = Chart;
			sourceTree = "<group>";
		};
		C1F35CCF2B99A61400B32B4E /* Setting */ = {
			isa = PBXGroup;
			children = (
				C1F35CD02B99A62100B32B4E /* SettingViewController.swift */,
				C14FA1BA2BBC6BA90090DEEC /* SettingTableView.swift */,
			);
			path = Setting;
			sourceTree = "<group>";
		};
		C1F35CDA2B99A9BD00B32B4E /* Component */ = {
			isa = PBXGroup;
			children = (
				C1F35CDB2B99B59800B32B4E /* NumberButton.swift */,
				C12873452BAC46A700176AD3 /* Fonts.swift */,
				C14FA1B82BBC69590090DEEC /* CustomNavigationBar.swift */,
			);
			path = Component;
			sourceTree = "<group>";
		};
		C1F790F92C12F32C00B533D4 /* Ad */ = {
			isa = PBXGroup;
			children = (
				C1F790FC2C12F3A600B533D4 /* AdBannerTableViewCell.swift */,
			);
			path = Ad;
			sourceTree = "<group>";
		};
/* End PBXGroup section */

/* Begin PBXNativeTarget section */
		C18567AF2B998DFD00864754 /* LottoDiary */ = {
			isa = PBXNativeTarget;
			buildConfigurationList = C18567C42B998DFF00864754 /* Build configuration list for PBXNativeTarget "LottoDiary" */;
			buildPhases = (
				C18567AC2B998DFD00864754 /* Sources */,
				C18567AD2B998DFD00864754 /* Frameworks */,
				C18567AE2B998DFD00864754 /* Resources */,
				C1314ED12BB3A838005CF266 /* ShellScript */,
			);
			buildRules = (
			);
			dependencies = (
			);
			name = LottoDiary;
			packageProductDependencies = (
				C1F35CDE2B99B6FE00B32B4E /* SnapKit */,
				C1F35CE12B99B70800B32B4E /* Alamofire */,
				C1F35CE42B99B73000B32B4E /* Realm */,
				C1F35CE62B99B73000B32B4E /* RealmSwift */,
				C170087A2BA029BC00008BE7 /* KakaoMapsSDK_SPM */,
				C1E63AAF2BA2F80F00707F53 /* CollectionViewPagingLayout */,
				C1314EC32BB2B692005CF266 /* FirebaseAnalytics */,
				C1314EC52BB2B692005CF266 /* FirebaseAnalyticsOnDeviceConversion */,
				C1314EC72BB2B692005CF266 /* FirebaseAnalyticsSwift */,
				C1314EC92BB2B692005CF266 /* FirebaseAnalyticsWithoutAdIdSupport */,
				C1314ECB2BB2B692005CF266 /* FirebaseCrashlytics */,
				C1314ECD2BB2B692005CF266 /* FirebaseDatabase */,
				C1314ECF2BB2B692005CF266 /* FirebaseMessaging */,
				C1F790F72C12F07E00B533D4 /* GoogleMobileAds */,
				C10835A62C324B0F00E66E64 /* RxCocoa */,
				C10835A82C324B0F00E66E64 /* RxRelay */,
				C10835AA2C324B0F00E66E64 /* RxSwift */,
				C12F04B22C33A3CA0012AAFB /* Differentiator */,
				C12F04B42C33A3CA0012AAFB /* RxDataSources */,
			);
			productName = LottoDiary;
			productReference = C18567B02B998DFD00864754 /* LottoDiary.app */;
			productType = "com.apple.product-type.application";
		};
/* End PBXNativeTarget section */

/* Begin PBXProject section */
		C18567A82B998DFD00864754 /* Project object */ = {
			isa = PBXProject;
			attributes = {
				BuildIndependentTargetsInParallel = 1;
				LastSwiftUpdateCheck = 1520;
				LastUpgradeCheck = 1520;
				TargetAttributes = {
					C18567AF2B998DFD00864754 = {
						CreatedOnToolsVersion = 15.2;
					};
				};
			};
			buildConfigurationList = C18567AB2B998DFD00864754 /* Build configuration list for PBXProject "LottoDiary" */;
			compatibilityVersion = "Xcode 14.0";
			developmentRegion = en;
			hasScannedForEncodings = 0;
			knownRegions = (
				en,
				Base,
			);
			mainGroup = C18567A72B998DFD00864754;
			packageReferences = (
				C1F35CDD2B99B6FE00B32B4E /* XCRemoteSwiftPackageReference "SnapKit" */,
				C1F35CE02B99B70800B32B4E /* XCRemoteSwiftPackageReference "Alamofire" */,
				C1F35CE32B99B73000B32B4E /* XCRemoteSwiftPackageReference "realm-swift" */,
				C17008792BA029BC00008BE7 /* XCRemoteSwiftPackageReference "KakaoMapsSDK-SPM" */,
				C1E63AAE2BA2F80F00707F53 /* XCRemoteSwiftPackageReference "CollectionViewPagingLayout" */,
				C1314EC22BB2B691005CF266 /* XCRemoteSwiftPackageReference "firebase-ios-sdk" */,
				C1F790F62C12F07E00B533D4 /* XCRemoteSwiftPackageReference "swift-package-manager-google-mobile-ads" */,
				C10835A52C324B0F00E66E64 /* XCRemoteSwiftPackageReference "RxSwift" */,
				C12F04B12C33A3CA0012AAFB /* XCRemoteSwiftPackageReference "RxDataSources" */,
			);
			productRefGroup = C18567B12B998DFD00864754 /* Products */;
			projectDirPath = "";
			projectRoot = "";
			targets = (
				C18567AF2B998DFD00864754 /* LottoDiary */,
			);
		};
/* End PBXProject section */

/* Begin PBXResourcesBuildPhase section */
		C18567AE2B998DFD00864754 /* Resources */ = {
			isa = PBXResourcesBuildPhase;
			buildActionMask = 2147483647;
			files = (
				C12873412BAC45D000176AD3 /* Pretendard-SemiBold.otf in Resources */,
				C128733D2BAC45D000176AD3 /* Pretendard-ExtraLight.otf in Resources */,
				C12873402BAC45D000176AD3 /* Pretendard-Medium.otf in Resources */,
				C18567C82B998E1F00864754 /* .gitignore in Resources */,
				C128733F2BAC45D000176AD3 /* Pretendard-ExtraBold.otf in Resources */,
				C12873432BAC45D000176AD3 /* Pretendard-Black.otf in Resources */,
				C12873422BAC45D000176AD3 /* Pretendard-Light.otf in Resources */,
				C128733C2BAC45D000176AD3 /* Pretendard-Bold.otf in Resources */,
				C128733E2BAC45D000176AD3 /* Pretendard-Thin.otf in Resources */,
				C18567C02B998DFF00864754 /* LaunchScreen.storyboard in Resources */,
				C128733B2BAC45D000176AD3 /* Pretendard-Regular.otf in Resources */,
				C18567BD2B998DFF00864754 /* Assets.xcassets in Resources */,
				C18567BB2B998DFD00864754 /* Main.storyboard in Resources */,
				C10BD2A62C3E61D300AB790E /* GoogleService-Info.plist in Resources */,
			);
			runOnlyForDeploymentPostprocessing = 0;
		};
/* End PBXResourcesBuildPhase section */

/* Begin PBXShellScriptBuildPhase section */
		C1314ED12BB3A838005CF266 /* ShellScript */ = {
			isa = PBXShellScriptBuildPhase;
			buildActionMask = 2147483647;
			files = (
			);
			inputFileListPaths = (
			);
			inputPaths = (
				"${DWARF_DSYM_FOLDER_PATH}/${DWARF_DSYM_FILE_NAME}",
				"${DWARF_DSYM_FOLDER_PATH}/${DWARF_DSYM_FILE_NAME}/Contents/Resources/DWARF/${PRODUCT_NAME}",
				"${DWARF_DSYM_FOLDER_PATH}/${DWARF_DSYM_FILE_NAME}/Contents/Info.plist",
				"$(TARGET_BUILD_DIR)/$(UNLOCALIZED_RESOURCES_FOLDER_PATH)/GoogleService-Info.plist",
				"$(TARGET_BUILD_DIR)/$(EXECUTABLE_PATH)",
			);
			outputFileListPaths = (
			);
			outputPaths = (
			);
			runOnlyForDeploymentPostprocessing = 0;
			shellPath = /bin/sh;
			shellScript = "# Type a script or drag a script file from your workspace to insert its path.\n\"${BUILD_DIR%/Build/*}/SourcePackages/checkouts/firebase-ios-sdk/Crashlytics/run\"\n";
		};
/* End PBXShellScriptBuildPhase section */

/* Begin PBXSourcesBuildPhase section */
		C18567AC2B998DFD00864754 /* Sources */ = {
			isa = PBXSourcesBuildPhase;
			buildActionMask = 2147483647;
			files = (
				C1978F052BAAAE68008EEC9D /* ListMyNumberTableViewCell.swift in Sources */,
				C170085B2B9EF0B900008BE7 /* DiaryViewModel.swift in Sources */,
				C1F35CED2B99EF3F00B32B4E /* APIManager.swift in Sources */,
				C1E63AA72BA2BFBD00707F53 /* TextCell.swift in Sources */,
				C19A13AE2BB7236D008609C8 /* LottoResultViewController.swift in Sources */,
				C17008522B9ED61200008BE7 /* AddContentTableViewCell.swift in Sources */,
				C17008802BA061B000008BE7 /* EditMyNumberViewController.swift in Sources */,
				C17008542B9EE6A800008BE7 /* AddImageTableViewCell.swift in Sources */,
				C1E63ACA2BA5A60F00707F53 /* SearchResult.swift in Sources */,
				C1F35CF32B99FB2100B32B4E /* Observable.swift in Sources */,
				C1F35CEF2B99F0C500B32B4E /* Lotto.swift in Sources */,
				C170084A2B9E91A900008BE7 /* WebViewController.swift in Sources */,
				C1978F0C2BAB0666008EEC9D /* AlertManager.swift in Sources */,
				C1F35CD72B99A64000B32B4E /* MainViewController.swift in Sources */,
				C1F790FD2C12F3A600B533D4 /* AdBannerTableViewCell.swift in Sources */,
				C18567B82B998DFD00864754 /* ViewController.swift in Sources */,
				C1314E542BB01C8F005CF266 /* LocalNotificationManager.swift in Sources */,
				C1314E4F2BAFF357005CF266 /* StoreListTableViewCell.swift in Sources */,
				C1E63AD02BA82EA200707F53 /* DetailDiaryViewController.swift in Sources */,
				C17008472B9E178700008BE7 /* MyLottoViewController.swift in Sources */,
				C14FA1B92BBC69590090DEEC /* CustomNavigationBar.swift in Sources */,
				C1314E492BAEC979005CF266 /* AddMyNumberViewController.swift in Sources */,
				C18567B42B998DFD00864754 /* AppDelegate.swift in Sources */,
				C1E63AAA2BA2EA0700707F53 /* MyNumberTableViewCell.swift in Sources */,
				C1314E462BAEC642005CF266 /* NumberRealmRepository.swift in Sources */,
				C1978F082BAABD08008EEC9D /* EditMyNumberTableViewCell.swift in Sources */,
				C1314E4D2BAF50B4005CF266 /* MyLottoResultViewController.swift in Sources */,
				C108359F2C3244BD00E66E64 /* APIKey.swift in Sources */,
				C19A13B02BB72557008609C8 /* NumberDisplayTableViewCell.swift in Sources */,
				C18567B62B998DFD00864754 /* SceneDelegate.swift in Sources */,
				C17008592B9EEB3600008BE7 /* Diary.swift in Sources */,
				C1F35CD12B99A62100B32B4E /* SettingViewController.swift in Sources */,
				C1F35CF12B99FA1700B32B4E /* MainViewModel.swift in Sources */,
				C17008422B9DEA2D00008BE7 /* MenuCollectionViewCell.swift in Sources */,
				C14FA1B72BBBD9520090DEEC /* Extension+UINavigationController.swift in Sources */,
				C1F35CEB2B99BBC200B32B4E /* FormatterManager.swift in Sources */,
				C17008402B9DE99A00008BE7 /* MenuTableViewCell.swift in Sources */,
				C1F35CD92B99A6D100B32B4E /* BaseViewController.swift in Sources */,
				C12873462BAC46A700176AD3 /* Fonts.swift in Sources */,
				C19A13652BB3EF87008609C8 /* BaseTableViewCell.swift in Sources */,
				C1978F0A2BAAD574008EEC9D /* OneRandomNumberViewController.swift in Sources */,
				C1314E442BAEC5D8005CF266 /* Number.swift in Sources */,
				C1978F022BAAADB3008EEC9D /* ListMyNumberViewController.swift in Sources */,
				C12872AA2BAC3AFC00176AD3 /* SixRandomNumbersViewController.swift in Sources */,
				C1E63AA52BA2BF1000707F53 /* NumberSelectionView.swift in Sources */,
				C14FA1BB2BBC6BA90090DEEC /* SettingTableView.swift in Sources */,
				C1314E512BB00AC5005CF266 /* MapViewModel.swift in Sources */,
				C17008562B9EEAFB00008BE7 /* RealmRepository.swift in Sources */,
				C10835A42C324A7500E66E64 /* MainTableView.swift in Sources */,
				C1978EFF2BA99BEA008EEC9D /* StoreListViewController.swift in Sources */,
				C1E63AAD2BA2F77000707F53 /* RandomNumberMakerViewController.swift in Sources */,
				C1E63AB22BA2F82F00707F53 /* RandomNumberMakerCollectionViewCell.swift in Sources */,
				C19A13B32BB94CBB008609C8 /* UserFriendlyError.swift in Sources */,
				C1F35CE92B99B86000B32B4E /* MyLottoTableViewCell.swift in Sources */,
				C1314E4B2BAECA9B005CF266 /* NumberViewModel.swift in Sources */,
				C10BD2A22C3E58E900AB790E /* (null) in Sources */,
				C170084F2B9ED4E900008BE7 /* AddDiaryViewController.swift in Sources */,
				C17008822BA06A6C00008BE7 /* AddWishTagViewController.swift in Sources */,
				C1F35CDC2B99B59800B32B4E /* NumberButton.swift in Sources */,
				C19A13B52BB9C6AE008609C8 /* QRCodeError.swift in Sources */,
				C1F35CD52B99A63900B32B4E /* DiaryViewController.swift in Sources */,
				C17008732BA00BF400008BE7 /* QRCodeViewController.swift in Sources */,
				C1E63ADD2BA95AA100707F53 /* MapViewController.swift in Sources */,
				C17008762BA027A000008BE7 /* BaseMapViewController.swift in Sources */,
				C170087D2BA033D200008BE7 /* StoreMapViewController.swift in Sources */,
				C17008442B9DFF6A00008BE7 /* DiaryCollectionViewCell.swift in Sources */,
				C1F35CD32B99A63300B32B4E /* ChartViewController.swift in Sources */,
			);
			runOnlyForDeploymentPostprocessing = 0;
		};
/* End PBXSourcesBuildPhase section */

/* Begin PBXVariantGroup section */
		C18567B92B998DFD00864754 /* Main.storyboard */ = {
			isa = PBXVariantGroup;
			children = (
				C18567BA2B998DFD00864754 /* Base */,
			);
			name = Main.storyboard;
			sourceTree = "<group>";
		};
		C18567BE2B998DFF00864754 /* LaunchScreen.storyboard */ = {
			isa = PBXVariantGroup;
			children = (
				C18567BF2B998DFF00864754 /* Base */,
			);
			name = LaunchScreen.storyboard;
			sourceTree = "<group>";
		};
/* End PBXVariantGroup section */

/* Begin XCBuildConfiguration section */
		C18567C22B998DFF00864754 /* Debug */ = {
			isa = XCBuildConfiguration;
			buildSettings = {
				ALWAYS_SEARCH_USER_PATHS = NO;
				ASSETCATALOG_COMPILER_GENERATE_SWIFT_ASSET_SYMBOL_EXTENSIONS = YES;
				CLANG_ANALYZER_NONNULL = YES;
				CLANG_ANALYZER_NUMBER_OBJECT_CONVERSION = YES_AGGRESSIVE;
				CLANG_CXX_LANGUAGE_STANDARD = "gnu++20";
				CLANG_ENABLE_MODULES = YES;
				CLANG_ENABLE_OBJC_ARC = YES;
				CLANG_ENABLE_OBJC_WEAK = YES;
				CLANG_WARN_BLOCK_CAPTURE_AUTORELEASING = YES;
				CLANG_WARN_BOOL_CONVERSION = YES;
				CLANG_WARN_COMMA = YES;
				CLANG_WARN_CONSTANT_CONVERSION = YES;
				CLANG_WARN_DEPRECATED_OBJC_IMPLEMENTATIONS = YES;
				CLANG_WARN_DIRECT_OBJC_ISA_USAGE = YES_ERROR;
				CLANG_WARN_DOCUMENTATION_COMMENTS = YES;
				CLANG_WARN_EMPTY_BODY = YES;
				CLANG_WARN_ENUM_CONVERSION = YES;
				CLANG_WARN_INFINITE_RECURSION = YES;
				CLANG_WARN_INT_CONVERSION = YES;
				CLANG_WARN_NON_LITERAL_NULL_CONVERSION = YES;
				CLANG_WARN_OBJC_IMPLICIT_RETAIN_SELF = YES;
				CLANG_WARN_OBJC_LITERAL_CONVERSION = YES;
				CLANG_WARN_OBJC_ROOT_CLASS = YES_ERROR;
				CLANG_WARN_QUOTED_INCLUDE_IN_FRAMEWORK_HEADER = YES;
				CLANG_WARN_RANGE_LOOP_ANALYSIS = YES;
				CLANG_WARN_STRICT_PROTOTYPES = YES;
				CLANG_WARN_SUSPICIOUS_MOVE = YES;
				CLANG_WARN_UNGUARDED_AVAILABILITY = YES_AGGRESSIVE;
				CLANG_WARN_UNREACHABLE_CODE = YES;
				CLANG_WARN__DUPLICATE_METHOD_MATCH = YES;
				COPY_PHASE_STRIP = NO;
				DEBUG_INFORMATION_FORMAT = "dwarf-with-dsym";
				ENABLE_STRICT_OBJC_MSGSEND = YES;
				ENABLE_TESTABILITY = YES;
				ENABLE_USER_SCRIPT_SANDBOXING = YES;
				GCC_C_LANGUAGE_STANDARD = gnu17;
				GCC_DYNAMIC_NO_PIC = NO;
				GCC_NO_COMMON_BLOCKS = YES;
				GCC_OPTIMIZATION_LEVEL = 0;
				GCC_PREPROCESSOR_DEFINITIONS = (
					"DEBUG=1",
					"$(inherited)",
				);
				GCC_WARN_64_TO_32_BIT_CONVERSION = YES;
				GCC_WARN_ABOUT_RETURN_TYPE = YES_ERROR;
				GCC_WARN_UNDECLARED_SELECTOR = YES;
				GCC_WARN_UNINITIALIZED_AUTOS = YES_AGGRESSIVE;
				GCC_WARN_UNUSED_FUNCTION = YES;
				GCC_WARN_UNUSED_VARIABLE = YES;
				IPHONEOS_DEPLOYMENT_TARGET = 15.0;
				LOCALIZATION_PREFERS_STRING_CATALOGS = YES;
				MTL_ENABLE_DEBUG_INFO = INCLUDE_SOURCE;
				MTL_FAST_MATH = YES;
				ONLY_ACTIVE_ARCH = YES;
				SDKROOT = iphoneos;
				SWIFT_ACTIVE_COMPILATION_CONDITIONS = "DEBUG $(inherited)";
				SWIFT_OPTIMIZATION_LEVEL = "-Onone";
			};
			name = Debug;
		};
		C18567C32B998DFF00864754 /* Release */ = {
			isa = XCBuildConfiguration;
			buildSettings = {
				ALWAYS_SEARCH_USER_PATHS = NO;
				ASSETCATALOG_COMPILER_GENERATE_SWIFT_ASSET_SYMBOL_EXTENSIONS = YES;
				CLANG_ANALYZER_NONNULL = YES;
				CLANG_ANALYZER_NUMBER_OBJECT_CONVERSION = YES_AGGRESSIVE;
				CLANG_CXX_LANGUAGE_STANDARD = "gnu++20";
				CLANG_ENABLE_MODULES = YES;
				CLANG_ENABLE_OBJC_ARC = YES;
				CLANG_ENABLE_OBJC_WEAK = YES;
				CLANG_WARN_BLOCK_CAPTURE_AUTORELEASING = YES;
				CLANG_WARN_BOOL_CONVERSION = YES;
				CLANG_WARN_COMMA = YES;
				CLANG_WARN_CONSTANT_CONVERSION = YES;
				CLANG_WARN_DEPRECATED_OBJC_IMPLEMENTATIONS = YES;
				CLANG_WARN_DIRECT_OBJC_ISA_USAGE = YES_ERROR;
				CLANG_WARN_DOCUMENTATION_COMMENTS = YES;
				CLANG_WARN_EMPTY_BODY = YES;
				CLANG_WARN_ENUM_CONVERSION = YES;
				CLANG_WARN_INFINITE_RECURSION = YES;
				CLANG_WARN_INT_CONVERSION = YES;
				CLANG_WARN_NON_LITERAL_NULL_CONVERSION = YES;
				CLANG_WARN_OBJC_IMPLICIT_RETAIN_SELF = YES;
				CLANG_WARN_OBJC_LITERAL_CONVERSION = YES;
				CLANG_WARN_OBJC_ROOT_CLASS = YES_ERROR;
				CLANG_WARN_QUOTED_INCLUDE_IN_FRAMEWORK_HEADER = YES;
				CLANG_WARN_RANGE_LOOP_ANALYSIS = YES;
				CLANG_WARN_STRICT_PROTOTYPES = YES;
				CLANG_WARN_SUSPICIOUS_MOVE = YES;
				CLANG_WARN_UNGUARDED_AVAILABILITY = YES_AGGRESSIVE;
				CLANG_WARN_UNREACHABLE_CODE = YES;
				CLANG_WARN__DUPLICATE_METHOD_MATCH = YES;
				COPY_PHASE_STRIP = NO;
				DEBUG_INFORMATION_FORMAT = "dwarf-with-dsym";
				ENABLE_NS_ASSERTIONS = NO;
				ENABLE_STRICT_OBJC_MSGSEND = YES;
				ENABLE_USER_SCRIPT_SANDBOXING = YES;
				GCC_C_LANGUAGE_STANDARD = gnu17;
				GCC_NO_COMMON_BLOCKS = YES;
				GCC_WARN_64_TO_32_BIT_CONVERSION = YES;
				GCC_WARN_ABOUT_RETURN_TYPE = YES_ERROR;
				GCC_WARN_UNDECLARED_SELECTOR = YES;
				GCC_WARN_UNINITIALIZED_AUTOS = YES_AGGRESSIVE;
				GCC_WARN_UNUSED_FUNCTION = YES;
				GCC_WARN_UNUSED_VARIABLE = YES;
				IPHONEOS_DEPLOYMENT_TARGET = 15.0;
				LOCALIZATION_PREFERS_STRING_CATALOGS = YES;
				MTL_ENABLE_DEBUG_INFO = NO;
				MTL_FAST_MATH = YES;
				SDKROOT = iphoneos;
				SWIFT_COMPILATION_MODE = wholemodule;
				VALIDATE_PRODUCT = YES;
			};
			name = Release;
		};
		C18567C52B998DFF00864754 /* Debug */ = {
			isa = XCBuildConfiguration;
			buildSettings = {
				ASSETCATALOG_COMPILER_APPICON_NAME = AppIcon;
				ASSETCATALOG_COMPILER_GLOBAL_ACCENT_COLOR_NAME = AccentColor;
				CODE_SIGN_STYLE = Automatic;
				CURRENT_PROJECT_VERSION = 1;
				DEVELOPMENT_TEAM = MTUYFM4K8P;
				GENERATE_INFOPLIST_FILE = YES;
				INFOPLIST_FILE = LottoDiary/Info.plist;
				INFOPLIST_KEY_CFBundleDisplayName = "로또일기";
				INFOPLIST_KEY_NSCameraUsageDescription = "로또일기에서 QR코드 인식을 위해 카메라를 사용하기 위해서는 카메라 허용 권한이 필요합니다.";
				INFOPLIST_KEY_NSLocationWhenInUseUsageDescription = "근처 복권 판매점을 찾기 위해 사용자의 위치 정보가 필요합니다.";
				INFOPLIST_KEY_NSPhotoLibraryUsageDescription = "로또일기에 사진을 첨부하기 위해서는 앨범 허용 권한이 필요합니다.";
				INFOPLIST_KEY_UIApplicationSupportsIndirectInputEvents = YES;
				INFOPLIST_KEY_UILaunchStoryboardName = LaunchScreen;
				INFOPLIST_KEY_UIMainStoryboardFile = Main;
				INFOPLIST_KEY_UISupportedInterfaceOrientations_iPad = "UIInterfaceOrientationPortrait UIInterfaceOrientationPortraitUpsideDown UIInterfaceOrientationLandscapeLeft UIInterfaceOrientationLandscapeRight";
				INFOPLIST_KEY_UISupportedInterfaceOrientations_iPhone = "UIInterfaceOrientationPortrait UIInterfaceOrientationLandscapeLeft UIInterfaceOrientationLandscapeRight";
				INFOPLIST_KEY_UIUserInterfaceStyle = Light;
				IPHONEOS_DEPLOYMENT_TARGET = 15.0;
				LD_RUNPATH_SEARCH_PATHS = (
					"$(inherited)",
					"@executable_path/Frameworks",
				);
				MARKETING_VERSION = 1.0.4;
				OTHER_LDFLAGS = "-ObjC";
				PRODUCT_BUNDLE_IDENTIFIER = Madeline.LottoDiary;
				PRODUCT_NAME = "$(TARGET_NAME)";
				SUPPORTED_PLATFORMS = "iphoneos iphonesimulator";
				SUPPORTS_MACCATALYST = NO;
				SUPPORTS_MAC_DESIGNED_FOR_IPHONE_IPAD = NO;
				SUPPORTS_XR_DESIGNED_FOR_IPHONE_IPAD = NO;
				SWIFT_EMIT_LOC_STRINGS = YES;
				SWIFT_VERSION = 5.0;
				TARGETED_DEVICE_FAMILY = 1;
			};
			name = Debug;
		};
		C18567C62B998DFF00864754 /* Release */ = {
			isa = XCBuildConfiguration;
			buildSettings = {
				ASSETCATALOG_COMPILER_APPICON_NAME = AppIcon;
				ASSETCATALOG_COMPILER_GLOBAL_ACCENT_COLOR_NAME = AccentColor;
				CODE_SIGN_STYLE = Automatic;
				CURRENT_PROJECT_VERSION = 1;
				DEVELOPMENT_TEAM = MTUYFM4K8P;
				GENERATE_INFOPLIST_FILE = YES;
				INFOPLIST_FILE = LottoDiary/Info.plist;
				INFOPLIST_KEY_CFBundleDisplayName = "로또일기";
				INFOPLIST_KEY_NSCameraUsageDescription = "로또일기에서 QR코드 인식을 위해 카메라를 사용하기 위해서는 카메라 허용 권한이 필요합니다.";
				INFOPLIST_KEY_NSLocationWhenInUseUsageDescription = "근처 복권 판매점을 찾기 위해 사용자의 위치 정보가 필요합니다.";
				INFOPLIST_KEY_NSPhotoLibraryUsageDescription = "로또일기에 사진을 첨부하기 위해서는 앨범 허용 권한이 필요합니다.";
				INFOPLIST_KEY_UIApplicationSupportsIndirectInputEvents = YES;
				INFOPLIST_KEY_UILaunchStoryboardName = LaunchScreen;
				INFOPLIST_KEY_UIMainStoryboardFile = Main;
				INFOPLIST_KEY_UISupportedInterfaceOrientations_iPad = "UIInterfaceOrientationPortrait UIInterfaceOrientationPortraitUpsideDown UIInterfaceOrientationLandscapeLeft UIInterfaceOrientationLandscapeRight";
				INFOPLIST_KEY_UISupportedInterfaceOrientations_iPhone = "UIInterfaceOrientationPortrait UIInterfaceOrientationLandscapeLeft UIInterfaceOrientationLandscapeRight";
				INFOPLIST_KEY_UIUserInterfaceStyle = Light;
				IPHONEOS_DEPLOYMENT_TARGET = 15.0;
				LD_RUNPATH_SEARCH_PATHS = (
					"$(inherited)",
					"@executable_path/Frameworks",
				);
				MARKETING_VERSION = 1.0.4;
				OTHER_LDFLAGS = "-ObjC";
				PRODUCT_BUNDLE_IDENTIFIER = Madeline.LottoDiary;
				PRODUCT_NAME = "$(TARGET_NAME)";
				SUPPORTED_PLATFORMS = "iphoneos iphonesimulator";
				SUPPORTS_MACCATALYST = NO;
				SUPPORTS_MAC_DESIGNED_FOR_IPHONE_IPAD = NO;
				SUPPORTS_XR_DESIGNED_FOR_IPHONE_IPAD = NO;
				SWIFT_EMIT_LOC_STRINGS = YES;
				SWIFT_VERSION = 5.0;
				TARGETED_DEVICE_FAMILY = 1;
			};
			name = Release;
		};
/* End XCBuildConfiguration section */

/* Begin XCConfigurationList section */
		C18567AB2B998DFD00864754 /* Build configuration list for PBXProject "LottoDiary" */ = {
			isa = XCConfigurationList;
			buildConfigurations = (
				C18567C22B998DFF00864754 /* Debug */,
				C18567C32B998DFF00864754 /* Release */,
			);
			defaultConfigurationIsVisible = 0;
			defaultConfigurationName = Release;
		};
		C18567C42B998DFF00864754 /* Build configuration list for PBXNativeTarget "LottoDiary" */ = {
			isa = XCConfigurationList;
			buildConfigurations = (
				C18567C52B998DFF00864754 /* Debug */,
				C18567C62B998DFF00864754 /* Release */,
			);
			defaultConfigurationIsVisible = 0;
			defaultConfigurationName = Release;
		};
/* End XCConfigurationList section */

/* Begin XCRemoteSwiftPackageReference section */
		C10835A52C324B0F00E66E64 /* XCRemoteSwiftPackageReference "RxSwift" */ = {
			isa = XCRemoteSwiftPackageReference;
			repositoryURL = "https://github.com/ReactiveX/RxSwift.git";
			requirement = {
				kind = upToNextMajorVersion;
				minimumVersion = 6.7.1;
			};
		};
		C12F04B12C33A3CA0012AAFB /* XCRemoteSwiftPackageReference "RxDataSources" */ = {
			isa = XCRemoteSwiftPackageReference;
			repositoryURL = "https://github.com/RxSwiftCommunity/RxDataSources.git";
			requirement = {
				kind = upToNextMajorVersion;
				minimumVersion = 5.0.2;
			};
		};
		C1314EC22BB2B691005CF266 /* XCRemoteSwiftPackageReference "firebase-ios-sdk" */ = {
			isa = XCRemoteSwiftPackageReference;
			repositoryURL = "https://github.com/firebase/firebase-ios-sdk";
			requirement = {
				kind = upToNextMajorVersion;
				minimumVersion = 10.23.0;
			};
		};
		C17008792BA029BC00008BE7 /* XCRemoteSwiftPackageReference "KakaoMapsSDK-SPM" */ = {
			isa = XCRemoteSwiftPackageReference;
			repositoryURL = "https://github.com/kakao-mapsSDK/KakaoMapsSDK-SPM.git";
			requirement = {
				kind = upToNextMajorVersion;
				minimumVersion = 2.9.2;
			};
		};
		C1E63AAE2BA2F80F00707F53 /* XCRemoteSwiftPackageReference "CollectionViewPagingLayout" */ = {
			isa = XCRemoteSwiftPackageReference;
			repositoryURL = "https://github.com/amirdew/CollectionViewPagingLayout.git";
			requirement = {
				kind = upToNextMajorVersion;
				minimumVersion = 1.1.0;
			};
		};
		C1F35CDD2B99B6FE00B32B4E /* XCRemoteSwiftPackageReference "SnapKit" */ = {
			isa = XCRemoteSwiftPackageReference;
			repositoryURL = "https://github.com/SnapKit/SnapKit.git";
			requirement = {
				kind = upToNextMajorVersion;
				minimumVersion = 5.7.1;
			};
		};
		C1F35CE02B99B70800B32B4E /* XCRemoteSwiftPackageReference "Alamofire" */ = {
			isa = XCRemoteSwiftPackageReference;
			repositoryURL = "https://github.com/Alamofire/Alamofire";
			requirement = {
				kind = upToNextMajorVersion;
				minimumVersion = 5.9.0;
			};
		};
		C1F35CE32B99B73000B32B4E /* XCRemoteSwiftPackageReference "realm-swift" */ = {
			isa = XCRemoteSwiftPackageReference;
			repositoryURL = "https://github.com/realm/realm-swift.git";
			requirement = {
				branch = master;
				kind = branch;
			};
		};
		C1F790F62C12F07E00B533D4 /* XCRemoteSwiftPackageReference "swift-package-manager-google-mobile-ads" */ = {
			isa = XCRemoteSwiftPackageReference;
			repositoryURL = "https://github.com/googleads/swift-package-manager-google-mobile-ads.git";
			requirement = {
				kind = upToNextMajorVersion;
				minimumVersion = 11.5.0;
			};
		};
/* End XCRemoteSwiftPackageReference section */

/* Begin XCSwiftPackageProductDependency section */
		C10835A62C324B0F00E66E64 /* RxCocoa */ = {
			isa = XCSwiftPackageProductDependency;
			package = C10835A52C324B0F00E66E64 /* XCRemoteSwiftPackageReference "RxSwift" */;
			productName = RxCocoa;
		};
		C10835A82C324B0F00E66E64 /* RxRelay */ = {
			isa = XCSwiftPackageProductDependency;
			package = C10835A52C324B0F00E66E64 /* XCRemoteSwiftPackageReference "RxSwift" */;
			productName = RxRelay;
		};
		C10835AA2C324B0F00E66E64 /* RxSwift */ = {
			isa = XCSwiftPackageProductDependency;
			package = C10835A52C324B0F00E66E64 /* XCRemoteSwiftPackageReference "RxSwift" */;
			productName = RxSwift;
		};
		C12F04B22C33A3CA0012AAFB /* Differentiator */ = {
			isa = XCSwiftPackageProductDependency;
			package = C12F04B12C33A3CA0012AAFB /* XCRemoteSwiftPackageReference "RxDataSources" */;
			productName = Differentiator;
		};
		C12F04B42C33A3CA0012AAFB /* RxDataSources */ = {
			isa = XCSwiftPackageProductDependency;
			package = C12F04B12C33A3CA0012AAFB /* XCRemoteSwiftPackageReference "RxDataSources" */;
			productName = RxDataSources;
		};
		C1314EC32BB2B692005CF266 /* FirebaseAnalytics */ = {
			isa = XCSwiftPackageProductDependency;
			package = C1314EC22BB2B691005CF266 /* XCRemoteSwiftPackageReference "firebase-ios-sdk" */;
			productName = FirebaseAnalytics;
		};
		C1314EC52BB2B692005CF266 /* FirebaseAnalyticsOnDeviceConversion */ = {
			isa = XCSwiftPackageProductDependency;
			package = C1314EC22BB2B691005CF266 /* XCRemoteSwiftPackageReference "firebase-ios-sdk" */;
			productName = FirebaseAnalyticsOnDeviceConversion;
		};
		C1314EC72BB2B692005CF266 /* FirebaseAnalyticsSwift */ = {
			isa = XCSwiftPackageProductDependency;
			package = C1314EC22BB2B691005CF266 /* XCRemoteSwiftPackageReference "firebase-ios-sdk" */;
			productName = FirebaseAnalyticsSwift;
		};
		C1314EC92BB2B692005CF266 /* FirebaseAnalyticsWithoutAdIdSupport */ = {
			isa = XCSwiftPackageProductDependency;
			package = C1314EC22BB2B691005CF266 /* XCRemoteSwiftPackageReference "firebase-ios-sdk" */;
			productName = FirebaseAnalyticsWithoutAdIdSupport;
		};
		C1314ECB2BB2B692005CF266 /* FirebaseCrashlytics */ = {
			isa = XCSwiftPackageProductDependency;
			package = C1314EC22BB2B691005CF266 /* XCRemoteSwiftPackageReference "firebase-ios-sdk" */;
			productName = FirebaseCrashlytics;
		};
		C1314ECD2BB2B692005CF266 /* FirebaseDatabase */ = {
			isa = XCSwiftPackageProductDependency;
			package = C1314EC22BB2B691005CF266 /* XCRemoteSwiftPackageReference "firebase-ios-sdk" */;
			productName = FirebaseDatabase;
		};
		C1314ECF2BB2B692005CF266 /* FirebaseMessaging */ = {
			isa = XCSwiftPackageProductDependency;
			package = C1314EC22BB2B691005CF266 /* XCRemoteSwiftPackageReference "firebase-ios-sdk" */;
			productName = FirebaseMessaging;
		};
		C170087A2BA029BC00008BE7 /* KakaoMapsSDK_SPM */ = {
			isa = XCSwiftPackageProductDependency;
			package = C17008792BA029BC00008BE7 /* XCRemoteSwiftPackageReference "KakaoMapsSDK-SPM" */;
			productName = KakaoMapsSDK_SPM;
		};
		C1E63AAF2BA2F80F00707F53 /* CollectionViewPagingLayout */ = {
			isa = XCSwiftPackageProductDependency;
			package = C1E63AAE2BA2F80F00707F53 /* XCRemoteSwiftPackageReference "CollectionViewPagingLayout" */;
			productName = CollectionViewPagingLayout;
		};
		C1F35CDE2B99B6FE00B32B4E /* SnapKit */ = {
			isa = XCSwiftPackageProductDependency;
			package = C1F35CDD2B99B6FE00B32B4E /* XCRemoteSwiftPackageReference "SnapKit" */;
			productName = SnapKit;
		};
		C1F35CE12B99B70800B32B4E /* Alamofire */ = {
			isa = XCSwiftPackageProductDependency;
			package = C1F35CE02B99B70800B32B4E /* XCRemoteSwiftPackageReference "Alamofire" */;
			productName = Alamofire;
		};
		C1F35CE42B99B73000B32B4E /* Realm */ = {
			isa = XCSwiftPackageProductDependency;
			package = C1F35CE32B99B73000B32B4E /* XCRemoteSwiftPackageReference "realm-swift" */;
			productName = Realm;
		};
		C1F35CE62B99B73000B32B4E /* RealmSwift */ = {
			isa = XCSwiftPackageProductDependency;
			package = C1F35CE32B99B73000B32B4E /* XCRemoteSwiftPackageReference "realm-swift" */;
			productName = RealmSwift;
		};
		C1F790F72C12F07E00B533D4 /* GoogleMobileAds */ = {
			isa = XCSwiftPackageProductDependency;
			package = C1F790F62C12F07E00B533D4 /* XCRemoteSwiftPackageReference "swift-package-manager-google-mobile-ads" */;
			productName = GoogleMobileAds;
		};
/* End XCSwiftPackageProductDependency section */
	};
	rootObject = C18567A82B998DFD00864754 /* Project object */;
}
